<?xml version="1.0" encoding="utf-8"?>
<Project ToolsVersion="17.0" xmlns="http://schemas.microsoft.com/developer/msbuild/2003">
  <ItemGroup>
    <ClCompile Include="C:\Users\Shalom\Documents\GitHub\coc\Classes\AppDelegate.cpp">
      <Filter>Source Files\Classes</Filter>
    </ClCompile>
    <ClCompile Include="C:\Users\Shalom\Documents\GitHub\coc\Classes\HelloWorldScene.cpp">
      <Filter>Source Files\Classes</Filter>
    </ClCompile>
    <ClCompile Include="C:\Users\Shalom\Documents\GitHub\coc\Classes\DraggableMapScene.cpp">
      <Filter>Source Files\Classes</Filter>
    </ClCompile>
    <ClCompile Include="C:\Users\Shalom\Documents\GitHub\coc\Classes\Building.cpp">
      <Filter>Source Files\Classes</Filter>
    </ClCompile>
    <ClCompile Include="C:\Users\Shalom\Documents\GitHub\coc\Classes\GridMap.cpp">
      <Filter>Source Files\Classes</Filter>
    </ClCompile>
    <ClCompile Include="C:\Users\Shalom\Documents\GitHub\coc\Classes\Managers\ResourceManager.cpp">
      <Filter>Source Files\Classes\Managers</Filter>
    </ClCompile>
    <ClCompile Include="C:\Users\Shalom\Documents\GitHub\coc\Classes\Managers\AccountManager.cpp">
      <Filter>Source Files\Classes\Managers</Filter>
    </ClCompile>
    <ClCompile Include="C:\Users\Shalom\Documents\GitHub\coc\Classes\Managers\StorageManager.cpp">
      <Filter>Source Files\Classes\Managers</Filter>
    </ClCompile>
    <ClCompile Include="C:\Users\Shalom\Documents\GitHub\coc\Classes\Managers\NetworkManager.cpp">
      <Filter>Source Files\Classes\Managers</Filter>
    </ClCompile>
    <ClCompile Include="C:\Users\Shalom\Documents\GitHub\coc\Classes\Managers\MusicManager.cpp">
      <Filter>Source Files\Classes\Managers</Filter>
    </ClCompile>
    <ClCompile Include="C:\Users\Shalom\Documents\GitHub\coc\Classes\HeroManager.cpp">
      <Filter>Source Files\Classes</Filter>
    </ClCompile>
    <ClCompile Include="C:\Users\Shalom\Documents\GitHub\coc\Classes\Hero.cpp">
      <Filter>Source Files\Classes</Filter>
    </ClCompile>
    <ClCompile Include="C:\Users\Shalom\Documents\GitHub\coc\Classes\MapConfigManager.cpp">
      <Filter>Source Files\Classes</Filter>
    </ClCompile>
    <ClCompile Include="C:\Users\Shalom\Documents\GitHub\coc\Classes\AccountSelectScene.cpp">
      <Filter>Source Files\Classes</Filter>
    </ClCompile>
    <ClCompile Include="C:\Users\Shalom\Documents\GitHub\coc\Classes\Managers\SocketClient.cpp">
      <Filter>Source Files\Classes\Managers</Filter>
    </ClCompile>
    <ClCompile Include="C:\Users\Shalom\Documents\GitHub\coc\Classes\BattleScene.cpp">
      <Filter>Source Files\Classes</Filter>
    </ClCompile>
    <ClCompile Include="C:\Users\Shalom\Documents\GitHub\coc\proj.win32\main.cpp">
      <Filter>Source Files\proj.win32</Filter>
    </ClCompile>
    <ClCompile Include="C:\Users\Shalom\Documents\GitHub\coc\cocos2d\cocos\precheader.cpp">
      <Filter>Source Files</Filter>
    </ClCompile>
  </ItemGroup>
  <ItemGroup>
    <ClInclude Include="C:\Users\Shalom\Documents\GitHub\coc\Classes\AppDelegate.h">
      <Filter>Source Files\Classes</Filter>
    </ClInclude>
    <ClInclude Include="C:\Users\Shalom\Documents\GitHub\coc\Classes\HelloWorldScene.h">
      <Filter>Source Files\Classes</Filter>
    </ClInclude>
    <ClInclude Include="C:\Users\Shalom\Documents\GitHub\coc\Classes\DraggableMapScene.h">
      <Filter>Source Files\Classes</Filter>
    </ClInclude>
    <ClInclude Include="C:\Users\Shalom\Documents\GitHub\coc\Classes\Building.h">
      <Filter>Source Files\Classes</Filter>
    </ClInclude>
    <ClInclude Include="C:\Users\Shalom\Documents\GitHub\coc\Classes\GridMap.h">
      <Filter>Source Files\Classes</Filter>
    </ClInclude>
    <ClInclude Include="C:\Users\Shalom\Documents\GitHub\coc\Classes\Managers\ResourceManager.h">
      <Filter>Source Files\Classes\Managers</Filter>
    </ClInclude>
    <ClInclude Include="C:\Users\Shalom\Documents\GitHub\coc\Classes\Managers\AccountManager.h">
      <Filter>Source Files\Classes\Managers</Filter>
    </ClInclude>
    <ClInclude Include="C:\Users\Shalom\Documents\GitHub\coc\Classes\Managers\StorageManager.h">
      <Filter>Source Files\Classes\Managers</Filter>
    </ClInclude>
    <ClInclude Include="C:\Users\Shalom\Documents\GitHub\coc\Classes\Managers\NetworkManager.h">
      <Filter>Source Files\Classes\Managers</Filter>
    </ClInclude>
    <ClInclude Include="C:\Users\Shalom\Documents\GitHub\coc\Classes\Managers\MusicManager.h">
      <Filter>Source Files\Classes\Managers</Filter>
    </ClInclude>
    <ClInclude Include="C:\Users\Shalom\Documents\GitHub\coc\Classes\HeroManager.h">
      <Filter>Source Files\Classes</Filter>
    </ClInclude>
    <ClInclude Include="C:\Users\Shalom\Documents\GitHub\coc\Classes\Hero.h">
      <Filter>Source Files\Classes</Filter>
    </ClInclude>
    <ClInclude Include="C:\Users\Shalom\Documents\GitHub\coc\Classes\BuildingData.h">
      <Filter>Source Files\Classes</Filter>
    </ClInclude>
    <ClInclude Include="C:\Users\Shalom\Documents\GitHub\coc\Classes\MapConfigManager.h">
      <Filter>Source Files\Classes</Filter>
    </ClInclude>
    <ClInclude Include="C:\Users\Shalom\Documents\GitHub\coc\Classes\AccountSelectScene.h">
      <Filter>Source Files\Classes</Filter>
    </ClInclude>
    <ClInclude Include="C:\Users\Shalom\Documents\GitHub\coc\Classes\Managers\SocketClient.h">
      <Filter>Source Files\Classes\Managers</Filter>
    </ClInclude>
    <ClInclude Include="C:\Users\Shalom\Documents\GitHub\coc\Classes\BattleScene.h">
      <Filter>Source Files\Classes</Filter>
    </ClInclude>
    <ClInclude Include="C:\Users\Shalom\Documents\GitHub\coc\proj.win32\main.h">
      <Filter>Source Files\proj.win32</Filter>
    </ClInclude>
    <ClInclude Include="C:\Users\Shalom\Documents\GitHub\coc\proj.win32\resource.h">
      <Filter>Source Files\proj.win32</Filter>
    </ClInclude>
    <ClInclude Include="C:\Users\Shalom\Documents\GitHub\coc\Resources\Barracks.png">
      <Filter>Resources</Filter>
    </ClInclude>
    <ClInclude Include="C:\Users\Shalom\Documents\GitHub\coc\Resources\Cannon.png">
      <Filter>Resources</Filter>
    </ClInclude>
    <ClInclude Include="C:\Users\Shalom\Documents\GitHub\coc\Resources\CloseNormal.png">
      <Filter>Resources</Filter>
    </ClInclude>
    <ClInclude Include="C:\Users\Shalom\Documents\GitHub\coc\Resources\CloseSelected.png">
      <Filter>Resources</Filter>
    </ClInclude>
    <ClInclude Include="C:\Users\Shalom\Documents\GitHub\coc\Resources\ElixirCollector.png">
      <Filter>Resources</Filter>
    </ClInclude>
    <ClInclude Include="C:\Users\Shalom\Documents\GitHub\coc\Resources\GoldMine.png">
      <Filter>Resources</Filter>
    </ClInclude>
    <ClInclude Include="C:\Users\Shalom\Documents\GitHub\coc\Resources\HelloWorld.png">
      <Filter>Resources</Filter>
    </ClInclude>
    <ClInclude Include="C:\Users\Shalom\Documents\GitHub\coc\Resources\Tower.png">
      <Filter>Resources</Filter>
    </ClInclude>
    <ClInclude Include="C:\Users\Shalom\Documents\GitHub\coc\Resources\archer\Thumbs.db">
      <Filter>Resources\archer</Filter>
    </ClInclude>
    <ClInclude Include="C:\Users\Shalom\Documents\GitHub\coc\Resources\archer\archer.plist">
      <Filter>Resources\archer</Filter>
    </ClInclude>
    <ClInclude Include="C:\Users\Shalom\Documents\GitHub\coc\Resources\archer\archer.png">
      <Filter>Resources\archer</Filter>
    </ClInclude>
    <ClInclude Include="C:\Users\Shalom\Documents\GitHub\coc\Resources\archer\archer.tps">
      <Filter>Resources\archer</Filter>
    </ClInclude>
    <ClInclude Include="C:\Users\Shalom\Documents\GitHub\coc\Resources\archer\archer\Export\archer\archer.ExportJson">
      <Filter>Resources\archer\archer\Export\archer</Filter>
    </ClInclude>
    <ClInclude Include="C:\Users\Shalom\Documents\GitHub\coc\Resources\archer\archer\Export\archer\archer.plist">
      <Filter>Resources\archer\archer\Export\archer</Filter>
    </ClInclude>
    <ClInclude Include="C:\Users\Shalom\Documents\GitHub\coc\Resources\archer\archer\Export\archer\archer.png">
      <Filter>Resources\archer\archer\Export\archer</Filter>
    </ClInclude>
    <ClInclude Include="C:\Users\Shalom\Documents\GitHub\coc\Resources\archer\archer\Resources\Thumbs.db">
      <Filter>Resources\archer\archer\Resources</Filter>
    </ClInclude>
    <ClInclude Include="C:\Users\Shalom\Documents\GitHub\coc\Resources\archer\archer\Resources\archer.plist">
      <Filter>Resources\archer\archer\Resources</Filter>
    </ClInclude>
    <ClInclude Include="C:\Users\Shalom\Documents\GitHub\coc\Resources\archer\archer\Resources\archer.png">
      <Filter>Resources\archer\archer\Resources</Filter>
    </ClInclude>
    <ClInclude Include="C:\Users\Shalom\Documents\GitHub\coc\Resources\archer\archer\Resources\archer_PList.Dir\archer1.0.png">
      <Filter>Resources\archer\archer\Resources\archer_PList.Dir</Filter>
    </ClInclude>
    <ClInclude Include="C:\Users\Shalom\Documents\GitHub\coc\Resources\archer\archer\Resources\archer_PList.Dir\archer10.0.png">
      <Filter>Resources\archer\archer\Resources\archer_PList.Dir</Filter>
    </ClInclude>
    <ClInclude Include="C:\Users\Shalom\Documents\GitHub\coc\Resources\archer\archer\Resources\archer_PList.Dir\archer11.0.png">
      <Filter>Resources\archer\archer\Resources\archer_PList.Dir</Filter>
    </ClInclude>
    <ClInclude Include="C:\Users\Shalom\Documents\GitHub\coc\Resources\archer\archer\Resources\archer_PList.Dir\archer12.0.png">
      <Filter>Resources\archer\archer\Resources\archer_PList.Dir</Filter>
    </ClInclude>
    <ClInclude Include="C:\Users\Shalom\Documents\GitHub\coc\Resources\archer\archer\Resources\archer_PList.Dir\archer13.0.png">
      <Filter>Resources\archer\archer\Resources\archer_PList.Dir</Filter>
    </ClInclude>
    <ClInclude Include="C:\Users\Shalom\Documents\GitHub\coc\Resources\archer\archer\Resources\archer_PList.Dir\archer14.0.png">
      <Filter>Resources\archer\archer\Resources\archer_PList.Dir</Filter>
    </ClInclude>
    <ClInclude Include="C:\Users\Shalom\Documents\GitHub\coc\Resources\archer\archer\Resources\archer_PList.Dir\archer15.0.png">
      <Filter>Resources\archer\archer\Resources\archer_PList.Dir</Filter>
    </ClInclude>
    <ClInclude Include="C:\Users\Shalom\Documents\GitHub\coc\Resources\archer\archer\Resources\archer_PList.Dir\archer16.0.png">
      <Filter>Resources\archer\archer\Resources\archer_PList.Dir</Filter>
    </ClInclude>
    <ClInclude Include="C:\Users\Shalom\Documents\GitHub\coc\Resources\archer\archer\Resources\archer_PList.Dir\archer17.0.png">
      <Filter>Resources\archer\archer\Resources\archer_PList.Dir</Filter>
    </ClInclude>
    <ClInclude Include="C:\Users\Shalom\Documents\GitHub\coc\Resources\archer\archer\Resources\archer_PList.Dir\archer18.0.png">
      <Filter>Resources\archer\archer\Resources\archer_PList.Dir</Filter>
    </ClInclude>
    <ClInclude Include="C:\Users\Shalom\Documents\GitHub\coc\Resources\archer\archer\Resources\archer_PList.Dir\archer19.0.png">
      <Filter>Resources\archer\archer\Resources\archer_PList.Dir</Filter>
    </ClInclude>
    <ClInclude Include="C:\Users\Shalom\Documents\GitHub\coc\Resources\archer\archer\Resources\archer_PList.Dir\archer2.0.png">
      <Filter>Resources\archer\archer\Resources\archer_PList.Dir</Filter>
    </ClInclude>
    <ClInclude Include="C:\Users\Shalom\Documents\GitHub\coc\Resources\archer\archer\Resources\archer_PList.Dir\archer20.0.png">
      <Filter>Resources\archer\archer\Resources\archer_PList.Dir</Filter>
    </ClInclude>
    <ClInclude Include="C:\Users\Shalom\Documents\GitHub\coc\Resources\archer\archer\Resources\archer_PList.Dir\archer21.0.png">
      <Filter>Resources\archer\archer\Resources\archer_PList.Dir</Filter>
    </ClInclude>
    <ClInclude Include="C:\Users\Shalom\Documents\GitHub\coc\Resources\archer\archer\Resources\archer_PList.Dir\archer22.0.png">
      <Filter>Resources\archer\archer\Resources\archer_PList.Dir</Filter>
    </ClInclude>
    <ClInclude Include="C:\Users\Shalom\Documents\GitHub\coc\Resources\archer\archer\Resources\archer_PList.Dir\archer23.0.png">
      <Filter>Resources\archer\archer\Resources\archer_PList.Dir</Filter>
    </ClInclude>
    <ClInclude Include="C:\Users\Shalom\Documents\GitHub\coc\Resources\archer\archer\Resources\archer_PList.Dir\archer24.0.png">
      <Filter>Resources\archer\archer\Resources\archer_PList.Dir</Filter>
    </ClInclude>
    <ClInclude Include="C:\Users\Shalom\Documents\GitHub\coc\Resources\archer\archer\Resources\archer_PList.Dir\archer25.0.png">
      <Filter>Resources\archer\archer\Resources\archer_PList.Dir</Filter>
    </ClInclude>
    <ClInclude Include="C:\Users\Shalom\Documents\GitHub\coc\Resources\archer\archer\Resources\archer_PList.Dir\archer26.0.png">
      <Filter>Resources\archer\archer\Resources\archer_PList.Dir</Filter>
    </ClInclude>
    <ClInclude Include="C:\Users\Shalom\Documents\GitHub\coc\Resources\archer\archer\Resources\archer_PList.Dir\archer27.0.png">
      <Filter>Resources\archer\archer\Resources\archer_PList.Dir</Filter>
    </ClInclude>
    <ClInclude Include="C:\Users\Shalom\Documents\GitHub\coc\Resources\archer\archer\Resources\archer_PList.Dir\archer28.0.png">
      <Filter>Resources\archer\archer\Resources\archer_PList.Dir</Filter>
    </ClInclude>
    <ClInclude Include="C:\Users\Shalom\Documents\GitHub\coc\Resources\archer\archer\Resources\archer_PList.Dir\archer29.0.png">
      <Filter>Resources\archer\archer\Resources\archer_PList.Dir</Filter>
    </ClInclude>
    <ClInclude Include="C:\Users\Shalom\Documents\GitHub\coc\Resources\archer\archer\Resources\archer_PList.Dir\archer3.0.png">
      <Filter>Resources\archer\archer\Resources\archer_PList.Dir</Filter>
    </ClInclude>
    <ClInclude Include="C:\Users\Shalom\Documents\GitHub\coc\Resources\archer\archer\Resources\archer_PList.Dir\archer30.0.png">
      <Filter>Resources\archer\archer\Resources\archer_PList.Dir</Filter>
    </ClInclude>
    <ClInclude Include="C:\Users\Shalom\Documents\GitHub\coc\Resources\archer\archer\Resources\archer_PList.Dir\archer31.0.png">
      <Filter>Resources\archer\archer\Resources\archer_PList.Dir</Filter>
    </ClInclude>
    <ClInclude Include="C:\Users\Shalom\Documents\GitHub\coc\Resources\archer\archer\Resources\archer_PList.Dir\archer32.0.png">
      <Filter>Resources\archer\archer\Resources\archer_PList.Dir</Filter>
    </ClInclude>
    <ClInclude Include="C:\Users\Shalom\Documents\GitHub\coc\Resources\archer\archer\Resources\archer_PList.Dir\archer33.0.png">
      <Filter>Resources\archer\archer\Resources\archer_PList.Dir</Filter>
    </ClInclude>
    <ClInclude Include="C:\Users\Shalom\Documents\GitHub\coc\Resources\archer\archer\Resources\archer_PList.Dir\archer34.0.png">
      <Filter>Resources\archer\archer\Resources\archer_PList.Dir</Filter>
    </ClInclude>
    <ClInclude Include="C:\Users\Shalom\Documents\GitHub\coc\Resources\archer\archer\Resources\archer_PList.Dir\archer35.0.png">
      <Filter>Resources\archer\archer\Resources\archer_PList.Dir</Filter>
    </ClInclude>
    <ClInclude Include="C:\Users\Shalom\Documents\GitHub\coc\Resources\archer\archer\Resources\archer_PList.Dir\archer36.0.png">
      <Filter>Resources\archer\archer\Resources\archer_PList.Dir</Filter>
    </ClInclude>
    <ClInclude Include="C:\Users\Shalom\Documents\GitHub\coc\Resources\archer\archer\Resources\archer_PList.Dir\archer37.0.png">
      <Filter>Resources\archer\archer\Resources\archer_PList.Dir</Filter>
    </ClInclude>
    <ClInclude Include="C:\Users\Shalom\Documents\GitHub\coc\Resources\archer\archer\Resources\archer_PList.Dir\archer38.0.png">
      <Filter>Resources\archer\archer\Resources\archer_PList.Dir</Filter>
    </ClInclude>
    <ClInclude Include="C:\Users\Shalom\Documents\GitHub\coc\Resources\archer\archer\Resources\archer_PList.Dir\archer39.0.png">
      <Filter>Resources\archer\archer\Resources\archer_PList.Dir</Filter>
    </ClInclude>
    <ClInclude Include="C:\Users\Shalom\Documents\GitHub\coc\Resources\archer\archer\Resources\archer_PList.Dir\archer4.0.png">
      <Filter>Resources\archer\archer\Resources\archer_PList.Dir</Filter>
    </ClInclude>
    <ClInclude Include="C:\Users\Shalom\Documents\GitHub\coc\Resources\archer\archer\Resources\archer_PList.Dir\archer40.0.png">
      <Filter>Resources\archer\archer\Resources\archer_PList.Dir</Filter>
    </ClInclude>
    <ClInclude Include="C:\Users\Shalom\Documents\GitHub\coc\Resources\archer\archer\Resources\archer_PList.Dir\archer41.0.png">
      <Filter>Resources\archer\archer\Resources\archer_PList.Dir</Filter>
    </ClInclude>
    <ClInclude Include="C:\Users\Shalom\Documents\GitHub\coc\Resources\archer\archer\Resources\archer_PList.Dir\archer42.0.png">
      <Filter>Resources\archer\archer\Resources\archer_PList.Dir</Filter>
    </ClInclude>
    <ClInclude Include="C:\Users\Shalom\Documents\GitHub\coc\Resources\archer\archer\Resources\archer_PList.Dir\archer43.0.png">
      <Filter>Resources\archer\archer\Resources\archer_PList.Dir</Filter>
    </ClInclude>
    <ClInclude Include="C:\Users\Shalom\Documents\GitHub\coc\Resources\archer\archer\Resources\archer_PList.Dir\archer44.0.png">
      <Filter>Resources\archer\archer\Resources\archer_PList.Dir</Filter>
    </ClInclude>
    <ClInclude Include="C:\Users\Shalom\Documents\GitHub\coc\Resources\archer\archer\Resources\archer_PList.Dir\archer45.0.png">
      <Filter>Resources\archer\archer\Resources\archer_PList.Dir</Filter>
    </ClInclude>
    <ClInclude Include="C:\Users\Shalom\Documents\GitHub\coc\Resources\archer\archer\Resources\archer_PList.Dir\archer46.0.png">
      <Filter>Resources\archer\archer\Resources\archer_PList.Dir</Filter>
    </ClInclude>
    <ClInclude Include="C:\Users\Shalom\Documents\GitHub\coc\Resources\archer\archer\Resources\archer_PList.Dir\archer47.0.png">
      <Filter>Resources\archer\archer\Resources\archer_PList.Dir</Filter>
    </ClInclude>
    <ClInclude Include="C:\Users\Shalom\Documents\GitHub\coc\Resources\archer\archer\Resources\archer_PList.Dir\archer48.0.png">
      <Filter>Resources\archer\archer\Resources\archer_PList.Dir</Filter>
    </ClInclude>
    <ClInclude Include="C:\Users\Shalom\Documents\GitHub\coc\Resources\archer\archer\Resources\archer_PList.Dir\archer49.0.png">
      <Filter>Resources\archer\archer\Resources\archer_PList.Dir</Filter>
    </ClInclude>
    <ClInclude Include="C:\Users\Shalom\Documents\GitHub\coc\Resources\archer\archer\Resources\archer_PList.Dir\archer5.0.png">
      <Filter>Resources\archer\archer\Resources\archer_PList.Dir</Filter>
    </ClInclude>
    <ClInclude Include="C:\Users\Shalom\Documents\GitHub\coc\Resources\archer\archer\Resources\archer_PList.Dir\archer50.0.png">
      <Filter>Resources\archer\archer\Resources\archer_PList.Dir</Filter>
    </ClInclude>
    <ClInclude Include="C:\Users\Shalom\Documents\GitHub\coc\Resources\archer\archer\Resources\archer_PList.Dir\archer51.0.png">
      <Filter>Resources\archer\archer\Resources\archer_PList.Dir</Filter>
    </ClInclude>
    <ClInclude Include="C:\Users\Shalom\Documents\GitHub\coc\Resources\archer\archer\Resources\archer_PList.Dir\archer52.0.png">
      <Filter>Resources\archer\archer\Resources\archer_PList.Dir</Filter>
    </ClInclude>
    <ClInclude Include="C:\Users\Shalom\Documents\GitHub\coc\Resources\archer\archer\Resources\archer_PList.Dir\archer53.0.png">
      <Filter>Resources\archer\archer\Resources\archer_PList.Dir</Filter>
    </ClInclude>
    <ClInclude Include="C:\Users\Shalom\Documents\GitHub\coc\Resources\archer\archer\Resources\archer_PList.Dir\archer54.0.png">
      <Filter>Resources\archer\archer\Resources\archer_PList.Dir</Filter>
    </ClInclude>
    <ClInclude Include="C:\Users\Shalom\Documents\GitHub\coc\Resources\archer\archer\Resources\archer_PList.Dir\archer6.0.png">
      <Filter>Resources\archer\archer\Resources\archer_PList.Dir</Filter>
    </ClInclude>
    <ClInclude Include="C:\Users\Shalom\Documents\GitHub\coc\Resources\archer\archer\Resources\archer_PList.Dir\archer7.0.png">
      <Filter>Resources\archer\archer\Resources\archer_PList.Dir</Filter>
    </ClInclude>
    <ClInclude Include="C:\Users\Shalom\Documents\GitHub\coc\Resources\archer\archer\Resources\archer_PList.Dir\archer8.0.png">
      <Filter>Resources\archer\archer\Resources\archer_PList.Dir</Filter>
    </ClInclude>
    <ClInclude Include="C:\Users\Shalom\Documents\GitHub\coc\Resources\archer\archer\Resources\archer_PList.Dir\archer9.0.png">
      <Filter>Resources\archer\archer\Resources\archer_PList.Dir</Filter>
    </ClInclude>
    <ClInclude Include="C:\Users\Shalom\Documents\GitHub\coc\Resources\archer\archer\Ruler\archer.xml">
      <Filter>Resources\archer\archer\Ruler</Filter>
    </ClInclude>
    <ClInclude Include="C:\Users\Shalom\Documents\GitHub\coc\Resources\archer\archer\archer.xml.animation">
      <Filter>Resources\archer\archer</Filter>
    </ClInclude>
    <ClInclude Include="C:\Users\Shalom\Documents\GitHub\coc\Resources\archer\archer0.0.png">
      <Filter>Resources\archer</Filter>
    </ClInclude>
    <ClInclude Include="C:\Users\Shalom\Documents\GitHub\coc\Resources\archer\archer1.0.png">
      <Filter>Resources\archer</Filter>
    </ClInclude>
    <ClInclude Include="C:\Users\Shalom\Documents\GitHub\coc\Resources\archer\archer10.0.png">
      <Filter>Resources\archer</Filter>
    </ClInclude>
    <ClInclude Include="C:\Users\Shalom\Documents\GitHub\coc\Resources\archer\archer11.0.png">
      <Filter>Resources\archer</Filter>
    </ClInclude>
    <ClInclude Include="C:\Users\Shalom\Documents\GitHub\coc\Resources\archer\archer12.0.png">
      <Filter>Resources\archer</Filter>
    </ClInclude>
    <ClInclude Include="C:\Users\Shalom\Documents\GitHub\coc\Resources\archer\archer13.0.png">
      <Filter>Resources\archer</Filter>
    </ClInclude>
    <ClInclude Include="C:\Users\Shalom\Documents\GitHub\coc\Resources\archer\archer14.0.png">
      <Filter>Resources\archer</Filter>
    </ClInclude>
    <ClInclude Include="C:\Users\Shalom\Documents\GitHub\coc\Resources\archer\archer15.0.png">
      <Filter>Resources\archer</Filter>
    </ClInclude>
    <ClInclude Include="C:\Users\Shalom\Documents\GitHub\coc\Resources\archer\archer16.0.png">
      <Filter>Resources\archer</Filter>
    </ClInclude>
    <ClInclude Include="C:\Users\Shalom\Documents\GitHub\coc\Resources\archer\archer17.0.png">
      <Filter>Resources\archer</Filter>
    </ClInclude>
    <ClInclude Include="C:\Users\Shalom\Documents\GitHub\coc\Resources\archer\archer18.0.png">
      <Filter>Resources\archer</Filter>
    </ClInclude>
    <ClInclude Include="C:\Users\Shalom\Documents\GitHub\coc\Resources\archer\archer19.0.png">
      <Filter>Resources\archer</Filter>
    </ClInclude>
    <ClInclude Include="C:\Users\Shalom\Documents\GitHub\coc\Resources\archer\archer2.0.png">
      <Filter>Resources\archer</Filter>
    </ClInclude>
    <ClInclude Include="C:\Users\Shalom\Documents\GitHub\coc\Resources\archer\archer20.0.png">
      <Filter>Resources\archer</Filter>
    </ClInclude>
    <ClInclude Include="C:\Users\Shalom\Documents\GitHub\coc\Resources\archer\archer21.0.png">
      <Filter>Resources\archer</Filter>
    </ClInclude>
    <ClInclude Include="C:\Users\Shalom\Documents\GitHub\coc\Resources\archer\archer22.0.png">
      <Filter>Resources\archer</Filter>
    </ClInclude>
    <ClInclude Include="C:\Users\Shalom\Documents\GitHub\coc\Resources\archer\archer23.0.png">
      <Filter>Resources\archer</Filter>
    </ClInclude>
    <ClInclude Include="C:\Users\Shalom\Documents\GitHub\coc\Resources\archer\archer24.0.png">
      <Filter>Resources\archer</Filter>
    </ClInclude>
    <ClInclude Include="C:\Users\Shalom\Documents\GitHub\coc\Resources\archer\archer25.0.png">
      <Filter>Resources\archer</Filter>
    </ClInclude>
    <ClInclude Include="C:\Users\Shalom\Documents\GitHub\coc\Resources\archer\archer26.0.png">
      <Filter>Resources\archer</Filter>
    </ClInclude>
    <ClInclude Include="C:\Users\Shalom\Documents\GitHub\coc\Resources\archer\archer27.0.png">
      <Filter>Resources\archer</Filter>
    </ClInclude>
    <ClInclude Include="C:\Users\Shalom\Documents\GitHub\coc\Resources\archer\archer28.0.png">
      <Filter>Resources\archer</Filter>
    </ClInclude>
    <ClInclude Include="C:\Users\Shalom\Documents\GitHub\coc\Resources\archer\archer29.0.png">
      <Filter>Resources\archer</Filter>
    </ClInclude>
    <ClInclude Include="C:\Users\Shalom\Documents\GitHub\coc\Resources\archer\archer3.0.png">
      <Filter>Resources\archer</Filter>
    </ClInclude>
    <ClInclude Include="C:\Users\Shalom\Documents\GitHub\coc\Resources\archer\archer30.0.png">
      <Filter>Resources\archer</Filter>
    </ClInclude>
    <ClInclude Include="C:\Users\Shalom\Documents\GitHub\coc\Resources\archer\archer31.0.png">
      <Filter>Resources\archer</Filter>
    </ClInclude>
    <ClInclude Include="C:\Users\Shalom\Documents\GitHub\coc\Resources\archer\archer32.0.png">
      <Filter>Resources\archer</Filter>
    </ClInclude>
    <ClInclude Include="C:\Users\Shalom\Documents\GitHub\coc\Resources\archer\archer33.0.png">
      <Filter>Resources\archer</Filter>
    </ClInclude>
    <ClInclude Include="C:\Users\Shalom\Documents\GitHub\coc\Resources\archer\archer34.0.png">
      <Filter>Resources\archer</Filter>
    </ClInclude>
    <ClInclude Include="C:\Users\Shalom\Documents\GitHub\coc\Resources\archer\archer35.0.png">
      <Filter>Resources\archer</Filter>
    </ClInclude>
    <ClInclude Include="C:\Users\Shalom\Documents\GitHub\coc\Resources\archer\archer36.0.png">
      <Filter>Resources\archer</Filter>
    </ClInclude>
    <ClInclude Include="C:\Users\Shalom\Documents\GitHub\coc\Resources\archer\archer37.0.png">
      <Filter>Resources\archer</Filter>
    </ClInclude>
    <ClInclude Include="C:\Users\Shalom\Documents\GitHub\coc\Resources\archer\archer38.0.png">
      <Filter>Resources\archer</Filter>
    </ClInclude>
    <ClInclude Include="C:\Users\Shalom\Documents\GitHub\coc\Resources\archer\archer39.0.png">
      <Filter>Resources\archer</Filter>
    </ClInclude>
    <ClInclude Include="C:\Users\Shalom\Documents\GitHub\coc\Resources\archer\archer4.0.png">
      <Filter>Resources\archer</Filter>
    </ClInclude>
    <ClInclude Include="C:\Users\Shalom\Documents\GitHub\coc\Resources\archer\archer40.0.png">
      <Filter>Resources\archer</Filter>
    </ClInclude>
    <ClInclude Include="C:\Users\Shalom\Documents\GitHub\coc\Resources\archer\archer41.0.png">
      <Filter>Resources\archer</Filter>
    </ClInclude>
    <ClInclude Include="C:\Users\Shalom\Documents\GitHub\coc\Resources\archer\archer42.0.png">
      <Filter>Resources\archer</Filter>
    </ClInclude>
    <ClInclude Include="C:\Users\Shalom\Documents\GitHub\coc\Resources\archer\archer43.0.png">
      <Filter>Resources\archer</Filter>
    </ClInclude>
    <ClInclude Include="C:\Users\Shalom\Documents\GitHub\coc\Resources\archer\archer44.0.png">
      <Filter>Resources\archer</Filter>
    </ClInclude>
    <ClInclude Include="C:\Users\Shalom\Documents\GitHub\coc\Resources\archer\archer45.0.png">
      <Filter>Resources\archer</Filter>
    </ClInclude>
    <ClInclude Include="C:\Users\Shalom\Documents\GitHub\coc\Resources\archer\archer46.0.png">
      <Filter>Resources\archer</Filter>
    </ClInclude>
    <ClInclude Include="C:\Users\Shalom\Documents\GitHub\coc\Resources\archer\archer47.0.png">
      <Filter>Resources\archer</Filter>
    </ClInclude>
    <ClInclude Include="C:\Users\Shalom\Documents\GitHub\coc\Resources\archer\archer48.0.png">
      <Filter>Resources\archer</Filter>
    </ClInclude>
    <ClInclude Include="C:\Users\Shalom\Documents\GitHub\coc\Resources\archer\archer49.0.png">
      <Filter>Resources\archer</Filter>
    </ClInclude>
    <ClInclude Include="C:\Users\Shalom\Documents\GitHub\coc\Resources\archer\archer5.0.png">
      <Filter>Resources\archer</Filter>
    </ClInclude>
    <ClInclude Include="C:\Users\Shalom\Documents\GitHub\coc\Resources\archer\archer50.0.png">
      <Filter>Resources\archer</Filter>
    </ClInclude>
    <ClInclude Include="C:\Users\Shalom\Documents\GitHub\coc\Resources\archer\archer51.0.png">
      <Filter>Resources\archer</Filter>
    </ClInclude>
    <ClInclude Include="C:\Users\Shalom\Documents\GitHub\coc\Resources\archer\archer52.0.png">
      <Filter>Resources\archer</Filter>
    </ClInclude>
    <ClInclude Include="C:\Users\Shalom\Documents\GitHub\coc\Resources\archer\archer53.0.png">
      <Filter>Resources\archer</Filter>
    </ClInclude>
    <ClInclude Include="C:\Users\Shalom\Documents\GitHub\coc\Resources\archer\archer54.0.png">
      <Filter>Resources\archer</Filter>
    </ClInclude>
    <ClInclude Include="C:\Users\Shalom\Documents\GitHub\coc\Resources\archer\archer6.0.png">
      <Filter>Resources\archer</Filter>
    </ClInclude>
    <ClInclude Include="C:\Users\Shalom\Documents\GitHub\coc\Resources\archer\archer7.0.png">
      <Filter>Resources\archer</Filter>
    </ClInclude>
    <ClInclude Include="C:\Users\Shalom\Documents\GitHub\coc\Resources\archer\archer8.0.png">
      <Filter>Resources\archer</Filter>
    </ClInclude>
    <ClInclude Include="C:\Users\Shalom\Documents\GitHub\coc\Resources\archer\archer9.0.png">
      <Filter>Resources\archer</Filter>
    </ClInclude>
    <ClInclude Include="C:\Users\Shalom\Documents\GitHub\coc\Resources\archer\shadow.png">
      <Filter>Resources\archer</Filter>
    </ClInclude>
    <ClInclude Include="C:\Users\Shalom\Documents\GitHub\coc\Resources\audio\background\Battle_Going.mp3">
      <Filter>Resources\audio\background</Filter>
    </ClInclude>
    <ClInclude Include="C:\Users\Shalom\Documents\GitHub\coc\Resources\audio\background\Battle_Lose.mp3">
      <Filter>Resources\audio\background</Filter>
    </ClInclude>
    <ClInclude Include="C:\Users\Shalom\Documents\GitHub\coc\Resources\audio\background\Battle_Preparing.mp3">
      <Filter>Resources\audio\background</Filter>
    </ClInclude>
    <ClInclude Include="C:\Users\Shalom\Documents\GitHub\coc\Resources\audio\background\Battle_Win.mp3">
      <Filter>Resources\audio\background</Filter>
    </ClInclude>
    <ClInclude Include="C:\Users\Shalom\Documents\GitHub\coc\Resources\fonts\Marker Felt.ttf">
      <Filter>Resources\fonts</Filter>
    </ClInclude>
    <ClInclude Include="C:\Users\Shalom\Documents\GitHub\coc\Resources\fonts\arial.ttf">
      <Filter>Resources\fonts</Filter>
    </ClInclude>
    <ClInclude Include="C:\Users\Shalom\Documents\GitHub\coc\Resources\map\Map1.png">
      <Filter>Resources\map</Filter>
    </ClInclude>
    <ClInclude Include="C:\Users\Shalom\Documents\GitHub\coc\Resources\map\Map2.png">
      <Filter>Resources\map</Filter>
    </ClInclude>
    <ClInclude Include="C:\Users\Shalom\Documents\GitHub\coc\Resources\map\Map3.png">
      <Filter>Resources\map</Filter>
    </ClInclude>
    <ClInclude Include="C:\Users\Shalom\Documents\GitHub\coc\Resources\res\.gitkeep">
      <Filter>Resources\res</Filter>
    </ClInclude>
    <ClInclude Include="C:\Users\Shalom\Documents\GitHub\coc\Resources\town-hall-8.png">
      <Filter>Resources</Filter>
    </ClInclude>
    <ClInclude Include="C:\Users\Shalom\Documents\GitHub\coc\Resources\town-hall-9.png">
      <Filter>Resources</Filter>
    </ClInclude>
    <ClInclude Include="C:\Users\Shalom\Documents\GitHub\coc\Resources\大本营\town-hall-1.png">
      <Filter>Resources\大本营</Filter>
    </ClInclude>
    <ClInclude Include="C:\Users\Shalom\Documents\GitHub\coc\Resources\大本营\town-hall-10.png">
      <Filter>Resources\大本营</Filter>
    </ClInclude>
    <ClInclude Include="C:\Users\Shalom\Documents\GitHub\coc\Resources\大本营\town-hall-11.png">
      <Filter>Resources\大本营</Filter>
    </ClInclude>
    <ClInclude Include="C:\Users\Shalom\Documents\GitHub\coc\Resources\大本营\town-hall-12-3.png">
      <Filter>Resources\大本营</Filter>
    </ClInclude>
    <ClInclude Include="C:\Users\Shalom\Documents\GitHub\coc\Resources\大本营\town-hall-13-2.png">
      <Filter>Resources\大本营</Filter>
    </ClInclude>
    <ClInclude Include="C:\Users\Shalom\Documents\GitHub\coc\Resources\大本营\town-hall-14-2.png">
      <Filter>Resources\大本营</Filter>
    </ClInclude>
    <ClInclude Include="C:\Users\Shalom\Documents\GitHub\coc\Resources\大本营\town-hall-15-2.png">
      <Filter>Resources\大本营</Filter>
    </ClInclude>
    <ClInclude Include="C:\Users\Shalom\Documents\GitHub\coc\Resources\大本营\town-hall-16.png">
      <Filter>Resources\大本营</Filter>
    </ClInclude>
    <ClInclude Include="C:\Users\Shalom\Documents\GitHub\coc\Resources\大本营\town-hall-17-3.png">
      <Filter>Resources\大本营</Filter>
    </ClInclude>
    <ClInclude Include="C:\Users\Shalom\Documents\GitHub\coc\Resources\大本营\town-hall-2.png">
      <Filter>Resources\大本营</Filter>
    </ClInclude>
    <ClInclude Include="C:\Users\Shalom\Documents\GitHub\coc\Resources\大本营\town-hall-3.png">
      <Filter>Resources\大本营</Filter>
    </ClInclude>
    <ClInclude Include="C:\Users\Shalom\Documents\GitHub\coc\Resources\大本营\town-hall-4.png">
      <Filter>Resources\大本营</Filter>
    </ClInclude>
    <ClInclude Include="C:\Users\Shalom\Documents\GitHub\coc\Resources\大本营\town-hall-5.png">
      <Filter>Resources\大本营</Filter>
    </ClInclude>
    <ClInclude Include="C:\Users\Shalom\Documents\GitHub\coc\Resources\大本营\town-hall-6.png">
      <Filter>Resources\大本营</Filter>
    </ClInclude>
    <ClInclude Include="C:\Users\Shalom\Documents\GitHub\coc\Resources\大本营\town-hall-7.png">
      <Filter>Resources\大本营</Filter>
    </ClInclude>
    <ClInclude Include="C:\Users\Shalom\Documents\GitHub\coc\Resources\大本营\town-hall-8.png">
      <Filter>Resources\大本营</Filter>
    </ClInclude>
    <ClInclude Include="C:\Users\Shalom\Documents\GitHub\coc\Resources\大本营\town-hall-9.png">
      <Filter>Resources\大本营</Filter>
    </ClInclude>
  </ItemGroup>
  <ItemGroup>
    <CustomBuild Include="C:\Users\Shalom\Documents\GitHub\coc\CMakeLists.txt" />
  </ItemGroup>
  <ItemGroup>
    <ResourceCompile Include="C:\Users\Shalom\Documents\GitHub\coc\proj.win32\game.rc">
      <Filter>Source Files\proj.win32</Filter>
    </ResourceCompile>
  </ItemGroup>
  <ItemGroup>
    <Filter Include="Resources">
      <UniqueIdentifier>{593DB9D8-C329-3875-99CF-B4C04091120C}</UniqueIdentifier>
    </Filter>
    <Filter Include="Resources\archer">
      <UniqueIdentifier>{6CED33F3-2A7B-30C8-98E6-2B88D4F9BAA6}</UniqueIdentifier>
    </Filter>
    <Filter Include="Resources\archer\archer">
      <UniqueIdentifier>{661F67AB-A314-3F22-A081-DF8160054A54}</UniqueIdentifier>
    </Filter>
    <Filter Include="Resources\archer\archer\Export">
      <UniqueIdentifier>{7269E5A1-2B2D-3F15-BDF6-B9907DAA0562}</UniqueIdentifier>
    </Filter>
    <Filter Include="Resources\archer\archer\Export\archer">
      <UniqueIdentifier>{D57CCF29-84D2-3DCC-8741-9ECA25CDA801}</UniqueIdentifier>
    </Filter>
    <Filter Include="Resources\archer\archer\Resources">
      <UniqueIdentifier>{7E13615C-B468-307D-B401-D716D1F6E604}</UniqueIdentifier>
    </Filter>
    <Filter Include="Resources\archer\archer\Resources\archer_PList.Dir">
      <UniqueIdentifier>{D04A5438-BBB8-3DF6-964A-D6DABA547682}</UniqueIdentifier>
    </Filter>
    <Filter Include="Resources\archer\archer\Ruler">
      <UniqueIdentifier>{3672C70B-D1FF-342A-A3C4-95AAF415EDF7}</UniqueIdentifier>
    </Filter>
    <Filter Include="Resources\audio">
      <UniqueIdentifier>{C32BCC71-4B67-3ACF-BE25-8206BD3700C6}</UniqueIdentifier>
    </Filter>
    <Filter Include="Resources\audio\background">
      <UniqueIdentifier>{B3235A84-9E30-3B96-9860-0B0A74B905D5}</UniqueIdentifier>
    </Filter>
    <Filter Include="Resources\fonts">
      <UniqueIdentifier>{8D570436-F86F-3059-A126-CA452719EA1B}</UniqueIdentifier>
    </Filter>
    <Filter Include="Resources\map">
      <UniqueIdentifier>{D4407A86-71E3-3DF2-8B63-1ED6EB5880A6}</UniqueIdentifier>
    </Filter>
    <Filter Include="Resources\res">
      <UniqueIdentifier>{8DF75AC7-3876-3C12-AD3E-8990078AA7FF}</UniqueIdentifier>
    </Filter>
    <Filter Include="Resources\大本营">
      <UniqueIdentifier>{1CE675FE-1DC3-3E66-AF97-AB178D078F7F}</UniqueIdentifier>
    </Filter>
    <Filter Include="Source Files">
      <UniqueIdentifier>{3F0150E2-78CA-387A-B13B-A5AB4F07D025}</UniqueIdentifier>
    </Filter>
    <Filter Include="Source Files\Classes">
      <UniqueIdentifier>{A8C19D8A-95D1-344B-A2AE-B262538A467C}</UniqueIdentifier>
    </Filter>
    <Filter Include="Source Files\Classes\Managers">
      <UniqueIdentifier>{97E3A242-2344-3A4F-8F13-211DAA837378}</UniqueIdentifier>
    </Filter>
    <Filter Include="Source Files\proj.win32">
      <UniqueIdentifier>{6BCB26C0-9DE8-33A8-9481-00FF4B2F3692}</UniqueIdentifier>
    </Filter>
  </ItemGroup>
</Project>
