
Microsoft Visual Studio Solution File, Format Version 12.00
# Visual Studio Version 18
Project("{2150E333-8FDC-42A3-9474-1A3956D46DE8}") = "CMakePredefinedTargets", "CMakePredefinedTargets", "{A7C36819-B142-3C49-8518-E6EFBE36FCA2}"
EndProject
Project("{2150E333-8FDC-42A3-9474-1A3956D46DE8}") = "External", "External", "{8533EDB0-960C-35D0-AF8F-149836BD7107}"
EndProject
Project("{2150E333-8FDC-42A3-9474-1A3956D46DE8}") = "Internal", "Internal", "{33216BFD-A0E4-3A2C-915D-7A4D2AC02155}"
EndProject
Project("{8BC9CEB8-8B4A-11D0-8D11-00A0C91BC942}") = "ALL_BUILD", "ALL_BUILD.vcxproj", "{1335EC70-2ED2-3DFC-A433-CB3A7591BBF6}"
	ProjectSection(ProjectDependencies) = postProject
		{400B6D7F-CF6A-3DB7-82E8-68BD43678ACB} = {400B6D7F-CF6A-3DB7-82E8-68BD43678ACB}
		{2F662987-E55A-3837-A392-07E3066080B8} = {2F662987-E55A-3837-A392-07E3066080B8}
		{2CFD76AB-74E5-355C-9D4D-F4A883E0C6BD} = {2CFD76AB-74E5-355C-9D4D-F4A883E0C6BD}
		{A97565F0-9467-3A62-80DA-75D4DDB4292B} = {A97565F0-9467-3A62-80DA-75D4DDB4292B}
		{DE9840F4-2B75-34A1-8C63-C706EDCD407D} = {DE9840F4-2B75-34A1-8C63-C706EDCD407D}
		{73DF6F4E-3896-3053-BA13-CCAAB8B91736} = {73DF6F4E-3896-3053-BA13-CCAAB8B91736}
		{2CCAF9B9-1521-3152-82A6-4AAF90C2E927} = {2CCAF9B9-1521-3152-82A6-4AAF90C2E927}
		{42A93557-2697-3054-B445-78E32031435A} = {42A93557-2697-3054-B445-78E32031435A}
		{90791453-D575-3E5F-AAD0-07298185FAE3} = {90791453-D575-3E5F-AAD0-07298185FAE3}
		{52F76E2C-4808-35FC-A223-EBB116C9649E} = {52F76E2C-4808-35FC-A223-EBB116C9649E}
		{75F789F4-FA07-38B7-8E43-D1DE5F4441B8} = {75F789F4-FA07-38B7-8E43-D1DE5F4441B8}
		{B744D789-78F4-372C-A0F6-AA6379485562} = {B744D789-78F4-372C-A0F6-AA6379485562}
		{98BA7EE2-B46B-3ACD-970A-D2D589BFD637} = {98BA7EE2-B46B-3ACD-970A-D2D589BFD637}
	EndProjectSection
EndProject
Project("{8BC9CEB8-8B4A-11D0-8D11-00A0C91BC942}") = "ZERO_CHECK", "..\..\..\\ZERO_CHECK.vcxproj", "{400B6D7F-CF6A-3DB7-82E8-68BD43678ACB}"
	ProjectSection(ProjectDependencies) = postProject
	EndProjectSection
EndProject
Project("{8BC9CEB8-8B4A-11D0-8D11-00A0C91BC942}") = "cocos2d", "cocos2d.vcxproj", "{2F662987-E55A-3837-A392-07E3066080B8}"
	ProjectSection(ProjectDependencies) = postProject
		{400B6D7F-CF6A-3DB7-82E8-68BD43678ACB} = {400B6D7F-CF6A-3DB7-82E8-68BD43678ACB}
		{2CFD76AB-74E5-355C-9D4D-F4A883E0C6BD} = {2CFD76AB-74E5-355C-9D4D-F4A883E0C6BD}
		{A97565F0-9467-3A62-80DA-75D4DDB4292B} = {A97565F0-9467-3A62-80DA-75D4DDB4292B}
		{DE9840F4-2B75-34A1-8C63-C706EDCD407D} = {DE9840F4-2B75-34A1-8C63-C706EDCD407D}
		{73DF6F4E-3896-3053-BA13-CCAAB8B91736} = {73DF6F4E-3896-3053-BA13-CCAAB8B91736}
		{2CCAF9B9-1521-3152-82A6-4AAF90C2E927} = {2CCAF9B9-1521-3152-82A6-4AAF90C2E927}
		{42A93557-2697-3054-B445-78E32031435A} = {42A93557-2697-3054-B445-78E32031435A}
		{90791453-D575-3E5F-AAD0-07298185FAE3} = {90791453-D575-3E5F-AAD0-07298185FAE3}
		{52F76E2C-4808-35FC-A223-EBB116C9649E} = {52F76E2C-4808-35FC-A223-EBB116C9649E}
		{75F789F4-FA07-38B7-8E43-D1DE5F4441B8} = {75F789F4-FA07-38B7-8E43-D1DE5F4441B8}
		{B744D789-78F4-372C-A0F6-AA6379485562} = {B744D789-78F4-372C-A0F6-AA6379485562}
		{98BA7EE2-B46B-3ACD-970A-D2D589BFD637} = {98BA7EE2-B46B-3ACD-970A-D2D589BFD637}
	EndProjectSection
EndProject
Project("{8BC9CEB8-8B4A-11D0-8D11-00A0C91BC942}") = "ext_clipper", "..\..\external\clipper\ext_clipper.vcxproj", "{2CFD76AB-74E5-355C-9D4D-F4A883E0C6BD}"
	ProjectSection(ProjectDependencies) = postProject
		{400B6D7F-CF6A-3DB7-82E8-68BD43678ACB} = {400B6D7F-CF6A-3DB7-82E8-68BD43678ACB}
	EndProjectSection
EndProject
Project("{8BC9CEB8-8B4A-11D0-8D11-00A0C91BC942}") = "ext_convertUTF", "..\..\external\ConvertUTF\ext_convertUTF.vcxproj", "{A97565F0-9467-3A62-80DA-75D4DDB4292B}"
	ProjectSection(ProjectDependencies) = postProject
		{400B6D7F-CF6A-3DB7-82E8-68BD43678ACB} = {400B6D7F-CF6A-3DB7-82E8-68BD43678ACB}
	EndProjectSection
EndProject
Project("{8BC9CEB8-8B4A-11D0-8D11-00A0C91BC942}") = "ext_edtaa3func", "..\..\external\edtaa3func\ext_edtaa3func.vcxproj", "{DE9840F4-2B75-34A1-8C63-C706EDCD407D}"
	ProjectSection(ProjectDependencies) = postProject
		{400B6D7F-CF6A-3DB7-82E8-68BD43678ACB} = {400B6D7F-CF6A-3DB7-82E8-68BD43678ACB}
	EndProjectSection
EndProject
Project("{8BC9CEB8-8B4A-11D0-8D11-00A0C91BC942}") = "ext_md5", "..\..\external\md5\ext_md5.vcxproj", "{73DF6F4E-3896-3053-BA13-CCAAB8B91736}"
	ProjectSection(ProjectDependencies) = postProject
		{400B6D7F-CF6A-3DB7-82E8-68BD43678ACB} = {400B6D7F-CF6A-3DB7-82E8-68BD43678ACB}
	EndProjectSection
EndProject
Project("{8BC9CEB8-8B4A-11D0-8D11-00A0C91BC942}") = "ext_poly2tri", "..\..\external\poly2tri\ext_poly2tri.vcxproj", "{2CCAF9B9-1521-3152-82A6-4AAF90C2E927}"
	ProjectSection(ProjectDependencies) = postProject
		{400B6D7F-CF6A-3DB7-82E8-68BD43678ACB} = {400B6D7F-CF6A-3DB7-82E8-68BD43678ACB}
	EndProjectSection
EndProject
Project("{8BC9CEB8-8B4A-11D0-8D11-00A0C91BC942}") = "ext_recast", "..\..\external\recast\ext_recast.vcxproj", "{42A93557-2697-3054-B445-78E32031435A}"
	ProjectSection(ProjectDependencies) = postProject
		{400B6D7F-CF6A-3DB7-82E8-68BD43678ACB} = {400B6D7F-CF6A-3DB7-82E8-68BD43678ACB}
	EndProjectSection
EndProject
Project("{8BC9CEB8-8B4A-11D0-8D11-00A0C91BC942}") = "ext_tinyxml2", "..\..\external\tinyxml2\ext_tinyxml2.vcxproj", "{90791453-D575-3E5F-AAD0-07298185FAE3}"
	ProjectSection(ProjectDependencies) = postProject
		{400B6D7F-CF6A-3DB7-82E8-68BD43678ACB} = {400B6D7F-CF6A-3DB7-82E8-68BD43678ACB}
	EndProjectSection
EndProject
Project("{8BC9CEB8-8B4A-11D0-8D11-00A0C91BC942}") = "ext_unzip", "..\..\external\unzip\ext_unzip.vcxproj", "{52F76E2C-4808-35FC-A223-EBB116C9649E}"
	ProjectSection(ProjectDependencies) = postProject
		{400B6D7F-CF6A-3DB7-82E8-68BD43678ACB} = {400B6D7F-CF6A-3DB7-82E8-68BD43678ACB}
	EndProjectSection
EndProject
Project("{8BC9CEB8-8B4A-11D0-8D11-00A0C91BC942}") = "ext_xxhash", "..\..\external\xxhash\ext_xxhash.vcxproj", "{75F789F4-FA07-38B7-8E43-D1DE5F4441B8}"
	ProjectSection(ProjectDependencies) = postProject
		{400B6D7F-CF6A-3DB7-82E8-68BD43678ACB} = {400B6D7F-CF6A-3DB7-82E8-68BD43678ACB}
	EndProjectSection
EndProject
Project("{8BC9CEB8-8B4A-11D0-8D11-00A0C91BC942}") = "ext_xxtea", "..\..\external\xxtea\ext_xxtea.vcxproj", "{B744D789-78F4-372C-A0F6-AA6379485562}"
	ProjectSection(ProjectDependencies) = postProject
		{400B6D7F-CF6A-3DB7-82E8-68BD43678ACB} = {400B6D7F-CF6A-3DB7-82E8-68BD43678ACB}
	EndProjectSection
EndProject
Project("{8BC9CEB8-8B4A-11D0-8D11-00A0C91BC942}") = "external", "..\..\external\external.vcxproj", "{98BA7EE2-B46B-3ACD-970A-D2D589BFD637}"
	ProjectSection(ProjectDependencies) = postProject
		{400B6D7F-CF6A-3DB7-82E8-68BD43678ACB} = {400B6D7F-CF6A-3DB7-82E8-68BD43678ACB}
		{2CFD76AB-74E5-355C-9D4D-F4A883E0C6BD} = {2CFD76AB-74E5-355C-9D4D-F4A883E0C6BD}
		{A97565F0-9467-3A62-80DA-75D4DDB4292B} = {A97565F0-9467-3A62-80DA-75D4DDB4292B}
		{DE9840F4-2B75-34A1-8C63-C706EDCD407D} = {DE9840F4-2B75-34A1-8C63-C706EDCD407D}
		{73DF6F4E-3896-3053-BA13-CCAAB8B91736} = {73DF6F4E-3896-3053-BA13-CCAAB8B91736}
		{2CCAF9B9-1521-3152-82A6-4AAF90C2E927} = {2CCAF9B9-1521-3152-82A6-4AAF90C2E927}
		{42A93557-2697-3054-B445-78E32031435A} = {42A93557-2697-3054-B445-78E32031435A}
		{90791453-D575-3E5F-AAD0-07298185FAE3} = {90791453-D575-3E5F-AAD0-07298185FAE3}
		{52F76E2C-4808-35FC-A223-EBB116C9649E} = {52F76E2C-4808-35FC-A223-EBB116C9649E}
		{75F789F4-FA07-38B7-8E43-D1DE5F4441B8} = {75F789F4-FA07-38B7-8E43-D1DE5F4441B8}
		{B744D789-78F4-372C-A0F6-AA6379485562} = {B744D789-78F4-372C-A0F6-AA6379485562}
	EndProjectSection
EndProject
Global
	GlobalSection(SolutionConfigurationPlatforms) = preSolution
		Debug|Win32 = Debug|Win32
		Release|Win32 = Release|Win32
		MinSizeRel|Win32 = MinSizeRel|Win32
		RelWithDebInfo|Win32 = RelWithDebInfo|Win32
	EndGlobalSection
	GlobalSection(ProjectConfigurationPlatforms) = postSolution
		{1335EC70-2ED2-3DFC-A433-CB3A7591BBF6}.Debug|Win32.ActiveCfg = Debug|Win32
		{1335EC70-2ED2-3DFC-A433-CB3A7591BBF6}.Release|Win32.ActiveCfg = Release|Win32
		{1335EC70-2ED2-3DFC-A433-CB3A7591BBF6}.MinSizeRel|Win32.ActiveCfg = MinSizeRel|Win32
		{1335EC70-2ED2-3DFC-A433-CB3A7591BBF6}.RelWithDebInfo|Win32.ActiveCfg = RelWithDebInfo|Win32
		{400B6D7F-CF6A-3DB7-82E8-68BD43678ACB}.Debug|Win32.ActiveCfg = Debug|Win32
		{400B6D7F-CF6A-3DB7-82E8-68BD43678ACB}.Debug|Win32.Build.0 = Debug|Win32
		{400B6D7F-CF6A-3DB7-82E8-68BD43678ACB}.Release|Win32.ActiveCfg = Release|Win32
		{400B6D7F-CF6A-3DB7-82E8-68BD43678ACB}.Release|Win32.Build.0 = Release|Win32
		{400B6D7F-CF6A-3DB7-82E8-68BD43678ACB}.MinSizeRel|Win32.ActiveCfg = MinSizeRel|Win32
		{400B6D7F-CF6A-3DB7-82E8-68BD43678ACB}.MinSizeRel|Win32.Build.0 = MinSizeRel|Win32
		{400B6D7F-CF6A-3DB7-82E8-68BD43678ACB}.RelWithDebInfo|Win32.ActiveCfg = RelWithDebInfo|Win32
		{400B6D7F-CF6A-3DB7-82E8-68BD43678ACB}.RelWithDebInfo|Win32.Build.0 = RelWithDebInfo|Win32
		{2F662987-E55A-3837-A392-07E3066080B8}.Debug|Win32.ActiveCfg = Debug|Win32
		{2F662987-E55A-3837-A392-07E3066080B8}.Debug|Win32.Build.0 = Debug|Win32
		{2F662987-E55A-3837-A392-07E3066080B8}.Release|Win32.ActiveCfg = Release|Win32
		{2F662987-E55A-3837-A392-07E3066080B8}.Release|Win32.Build.0 = Release|Win32
		{2F662987-E55A-3837-A392-07E3066080B8}.MinSizeRel|Win32.ActiveCfg = MinSizeRel|Win32
		{2F662987-E55A-3837-A392-07E3066080B8}.MinSizeRel|Win32.Build.0 = MinSizeRel|Win32
		{2F662987-E55A-3837-A392-07E3066080B8}.RelWithDebInfo|Win32.ActiveCfg = RelWithDebInfo|Win32
		{2F662987-E55A-3837-A392-07E3066080B8}.RelWithDebInfo|Win32.Build.0 = RelWithDebInfo|Win32
		{2CFD76AB-74E5-355C-9D4D-F4A883E0C6BD}.Debug|Win32.ActiveCfg = Debug|Win32
		{2CFD76AB-74E5-355C-9D4D-F4A883E0C6BD}.Debug|Win32.Build.0 = Debug|Win32
		{2CFD76AB-74E5-355C-9D4D-F4A883E0C6BD}.Release|Win32.ActiveCfg = Release|Win32
		{2CFD76AB-74E5-355C-9D4D-F4A883E0C6BD}.Release|Win32.Build.0 = Release|Win32
		{2CFD76AB-74E5-355C-9D4D-F4A883E0C6BD}.MinSizeRel|Win32.ActiveCfg = MinSizeRel|Win32
		{2CFD76AB-74E5-355C-9D4D-F4A883E0C6BD}.MinSizeRel|Win32.Build.0 = MinSizeRel|Win32
		{2CFD76AB-74E5-355C-9D4D-F4A883E0C6BD}.RelWithDebInfo|Win32.ActiveCfg = RelWithDebInfo|Win32
		{2CFD76AB-74E5-355C-9D4D-F4A883E0C6BD}.RelWithDebInfo|Win32.Build.0 = RelWithDebInfo|Win32
		{A97565F0-9467-3A62-80DA-75D4DDB4292B}.Debug|Win32.ActiveCfg = Debug|Win32
		{A97565F0-9467-3A62-80DA-75D4DDB4292B}.Debug|Win32.Build.0 = Debug|Win32
		{A97565F0-9467-3A62-80DA-75D4DDB4292B}.Release|Win32.ActiveCfg = Release|Win32
		{A97565F0-9467-3A62-80DA-75D4DDB4292B}.Release|Win32.Build.0 = Release|Win32
		{A97565F0-9467-3A62-80DA-75D4DDB4292B}.MinSizeRel|Win32.ActiveCfg = MinSizeRel|Win32
		{A97565F0-9467-3A62-80DA-75D4DDB4292B}.MinSizeRel|Win32.Build.0 = MinSizeRel|Win32
		{A97565F0-9467-3A62-80DA-75D4DDB4292B}.RelWithDebInfo|Win32.ActiveCfg = RelWithDebInfo|Win32
		{A97565F0-9467-3A62-80DA-75D4DDB4292B}.RelWithDebInfo|Win32.Build.0 = RelWithDebInfo|Win32
		{DE9840F4-2B75-34A1-8C63-C706EDCD407D}.Debug|Win32.ActiveCfg = Debug|Win32
		{DE9840F4-2B75-34A1-8C63-C706EDCD407D}.Debug|Win32.Build.0 = Debug|Win32
		{DE9840F4-2B75-34A1-8C63-C706EDCD407D}.Release|Win32.ActiveCfg = Release|Win32
		{DE9840F4-2B75-34A1-8C63-C706EDCD407D}.Release|Win32.Build.0 = Release|Win32
		{DE9840F4-2B75-34A1-8C63-C706EDCD407D}.MinSizeRel|Win32.ActiveCfg = MinSizeRel|Win32
		{DE9840F4-2B75-34A1-8C63-C706EDCD407D}.MinSizeRel|Win32.Build.0 = MinSizeRel|Win32
		{DE9840F4-2B75-34A1-8C63-C706EDCD407D}.RelWithDebInfo|Win32.ActiveCfg = RelWithDebInfo|Win32
		{DE9840F4-2B75-34A1-8C63-C706EDCD407D}.RelWithDebInfo|Win32.Build.0 = RelWithDebInfo|Win32
		{73DF6F4E-3896-3053-BA13-CCAAB8B91736}.Debug|Win32.ActiveCfg = Debug|Win32
		{73DF6F4E-3896-3053-BA13-CCAAB8B91736}.Debug|Win32.Build.0 = Debug|Win32
		{73DF6F4E-3896-3053-BA13-CCAAB8B91736}.Release|Win32.ActiveCfg = Release|Win32
		{73DF6F4E-3896-3053-BA13-CCAAB8B91736}.Release|Win32.Build.0 = Release|Win32
		{73DF6F4E-3896-3053-BA13-CCAAB8B91736}.MinSizeRel|Win32.ActiveCfg = MinSizeRel|Win32
		{73DF6F4E-3896-3053-BA13-CCAAB8B91736}.MinSizeRel|Win32.Build.0 = MinSizeRel|Win32
		{73DF6F4E-3896-3053-BA13-CCAAB8B91736}.RelWithDebInfo|Win32.ActiveCfg = RelWithDebInfo|Win32
		{73DF6F4E-3896-3053-BA13-CCAAB8B91736}.RelWithDebInfo|Win32.Build.0 = RelWithDebInfo|Win32
		{2CCAF9B9-1521-3152-82A6-4AAF90C2E927}.Debug|Win32.ActiveCfg = Debug|Win32
		{2CCAF9B9-1521-3152-82A6-4AAF90C2E927}.Debug|Win32.Build.0 = Debug|Win32
		{2CCAF9B9-1521-3152-82A6-4AAF90C2E927}.Release|Win32.ActiveCfg = Release|Win32
		{2CCAF9B9-1521-3152-82A6-4AAF90C2E927}.Release|Win32.Build.0 = Release|Win32
		{2CCAF9B9-1521-3152-82A6-4AAF90C2E927}.MinSizeRel|Win32.ActiveCfg = MinSizeRel|Win32
		{2CCAF9B9-1521-3152-82A6-4AAF90C2E927}.MinSizeRel|Win32.Build.0 = MinSizeRel|Win32
		{2CCAF9B9-1521-3152-82A6-4AAF90C2E927}.RelWithDebInfo|Win32.ActiveCfg = RelWithDebInfo|Win32
		{2CCAF9B9-1521-3152-82A6-4AAF90C2E927}.RelWithDebInfo|Win32.Build.0 = RelWithDebInfo|Win32
		{42A93557-2697-3054-B445-78E32031435A}.Debug|Win32.ActiveCfg = Debug|Win32
		{42A93557-2697-3054-B445-78E32031435A}.Debug|Win32.Build.0 = Debug|Win32
		{42A93557-2697-3054-B445-78E32031435A}.Release|Win32.ActiveCfg = Release|Win32
		{42A93557-2697-3054-B445-78E32031435A}.Release|Win32.Build.0 = Release|Win32
		{42A93557-2697-3054-B445-78E32031435A}.MinSizeRel|Win32.ActiveCfg = MinSizeRel|Win32
		{42A93557-2697-3054-B445-78E32031435A}.MinSizeRel|Win32.Build.0 = MinSizeRel|Win32
		{42A93557-2697-3054-B445-78E32031435A}.RelWithDebInfo|Win32.ActiveCfg = RelWithDebInfo|Win32
		{42A93557-2697-3054-B445-78E32031435A}.RelWithDebInfo|Win32.Build.0 = RelWithDebInfo|Win32
		{90791453-D575-3E5F-AAD0-07298185FAE3}.Debug|Win32.ActiveCfg = Debug|Win32
		{90791453-D575-3E5F-AAD0-07298185FAE3}.Debug|Win32.Build.0 = Debug|Win32
		{90791453-D575-3E5F-AAD0-07298185FAE3}.Release|Win32.ActiveCfg = Release|Win32
		{90791453-D575-3E5F-AAD0-07298185FAE3}.Release|Win32.Build.0 = Release|Win32
		{90791453-D575-3E5F-AAD0-07298185FAE3}.MinSizeRel|Win32.ActiveCfg = MinSizeRel|Win32
		{90791453-D575-3E5F-AAD0-07298185FAE3}.MinSizeRel|Win32.Build.0 = MinSizeRel|Win32
		{90791453-D575-3E5F-AAD0-07298185FAE3}.RelWithDebInfo|Win32.ActiveCfg = RelWithDebInfo|Win32
		{90791453-D575-3E5F-AAD0-07298185FAE3}.RelWithDebInfo|Win32.Build.0 = RelWithDebInfo|Win32
		{52F76E2C-4808-35FC-A223-EBB116C9649E}.Debug|Win32.ActiveCfg = Debug|Win32
		{52F76E2C-4808-35FC-A223-EBB116C9649E}.Debug|Win32.Build.0 = Debug|Win32
		{52F76E2C-4808-35FC-A223-EBB116C9649E}.Release|Win32.ActiveCfg = Release|Win32
		{52F76E2C-4808-35FC-A223-EBB116C9649E}.Release|Win32.Build.0 = Release|Win32
		{52F76E2C-4808-35FC-A223-EBB116C9649E}.MinSizeRel|Win32.ActiveCfg = MinSizeRel|Win32
		{52F76E2C-4808-35FC-A223-EBB116C9649E}.MinSizeRel|Win32.Build.0 = MinSizeRel|Win32
		{52F76E2C-4808-35FC-A223-EBB116C9649E}.RelWithDebInfo|Win32.ActiveCfg = RelWithDebInfo|Win32
		{52F76E2C-4808-35FC-A223-EBB116C9649E}.RelWithDebInfo|Win32.Build.0 = RelWithDebInfo|Win32
		{75F789F4-FA07-38B7-8E43-D1DE5F4441B8}.Debug|Win32.ActiveCfg = Debug|Win32
		{75F789F4-FA07-38B7-8E43-D1DE5F4441B8}.Debug|Win32.Build.0 = Debug|Win32
		{75F789F4-FA07-38B7-8E43-D1DE5F4441B8}.Release|Win32.ActiveCfg = Release|Win32
		{75F789F4-FA07-38B7-8E43-D1DE5F4441B8}.Release|Win32.Build.0 = Release|Win32
		{75F789F4-FA07-38B7-8E43-D1DE5F4441B8}.MinSizeRel|Win32.ActiveCfg = MinSizeRel|Win32
		{75F789F4-FA07-38B7-8E43-D1DE5F4441B8}.MinSizeRel|Win32.Build.0 = MinSizeRel|Win32
		{75F789F4-FA07-38B7-8E43-D1DE5F4441B8}.RelWithDebInfo|Win32.ActiveCfg = RelWithDebInfo|Win32
		{75F789F4-FA07-38B7-8E43-D1DE5F4441B8}.RelWithDebInfo|Win32.Build.0 = RelWithDebInfo|Win32
		{B744D789-78F4-372C-A0F6-AA6379485562}.Debug|Win32.ActiveCfg = Debug|Win32
		{B744D789-78F4-372C-A0F6-AA6379485562}.Debug|Win32.Build.0 = Debug|Win32
		{B744D789-78F4-372C-A0F6-AA6379485562}.Release|Win32.ActiveCfg = Release|Win32
		{B744D789-78F4-372C-A0F6-AA6379485562}.Release|Win32.Build.0 = Release|Win32
		{B744D789-78F4-372C-A0F6-AA6379485562}.MinSizeRel|Win32.ActiveCfg = MinSizeRel|Win32
		{B744D789-78F4-372C-A0F6-AA6379485562}.MinSizeRel|Win32.Build.0 = MinSizeRel|Win32
		{B744D789-78F4-372C-A0F6-AA6379485562}.RelWithDebInfo|Win32.ActiveCfg = RelWithDebInfo|Win32
		{B744D789-78F4-372C-A0F6-AA6379485562}.RelWithDebInfo|Win32.Build.0 = RelWithDebInfo|Win32
		{98BA7EE2-B46B-3ACD-970A-D2D589BFD637}.Debug|Win32.ActiveCfg = Debug|Win32
		{98BA7EE2-B46B-3ACD-970A-D2D589BFD637}.Debug|Win32.Build.0 = Debug|Win32
		{98BA7EE2-B46B-3ACD-970A-D2D589BFD637}.Release|Win32.ActiveCfg = Release|Win32
		{98BA7EE2-B46B-3ACD-970A-D2D589BFD637}.Release|Win32.Build.0 = Release|Win32
		{98BA7EE2-B46B-3ACD-970A-D2D589BFD637}.MinSizeRel|Win32.ActiveCfg = MinSizeRel|Win32
		{98BA7EE2-B46B-3ACD-970A-D2D589BFD637}.MinSizeRel|Win32.Build.0 = MinSizeRel|Win32
		{98BA7EE2-B46B-3ACD-970A-D2D589BFD637}.RelWithDebInfo|Win32.ActiveCfg = RelWithDebInfo|Win32
		{98BA7EE2-B46B-3ACD-970A-D2D589BFD637}.RelWithDebInfo|Win32.Build.0 = RelWithDebInfo|Win32
	EndGlobalSection
	GlobalSection(NestedProjects) = preSolution
		{1335EC70-2ED2-3DFC-A433-CB3A7591BBF6} = {A7C36819-B142-3C49-8518-E6EFBE36FCA2}
		{400B6D7F-CF6A-3DB7-82E8-68BD43678ACB} = {A7C36819-B142-3C49-8518-E6EFBE36FCA2}
		{2CFD76AB-74E5-355C-9D4D-F4A883E0C6BD} = {8533EDB0-960C-35D0-AF8F-149836BD7107}
		{A97565F0-9467-3A62-80DA-75D4DDB4292B} = {8533EDB0-960C-35D0-AF8F-149836BD7107}
		{DE9840F4-2B75-34A1-8C63-C706EDCD407D} = {8533EDB0-960C-35D0-AF8F-149836BD7107}
		{73DF6F4E-3896-3053-BA13-CCAAB8B91736} = {8533EDB0-960C-35D0-AF8F-149836BD7107}
		{2CCAF9B9-1521-3152-82A6-4AAF90C2E927} = {8533EDB0-960C-35D0-AF8F-149836BD7107}
		{42A93557-2697-3054-B445-78E32031435A} = {8533EDB0-960C-35D0-AF8F-149836BD7107}
		{90791453-D575-3E5F-AAD0-07298185FAE3} = {8533EDB0-960C-35D0-AF8F-149836BD7107}
		{52F76E2C-4808-35FC-A223-EBB116C9649E} = {8533EDB0-960C-35D0-AF8F-149836BD7107}
		{75F789F4-FA07-38B7-8E43-D1DE5F4441B8} = {8533EDB0-960C-35D0-AF8F-149836BD7107}
		{B744D789-78F4-372C-A0F6-AA6379485562} = {8533EDB0-960C-35D0-AF8F-149836BD7107}
		{98BA7EE2-B46B-3ACD-970A-D2D589BFD637} = {8533EDB0-960C-35D0-AF8F-149836BD7107}
		{2F662987-E55A-3837-A392-07E3066080B8} = {33216BFD-A0E4-3A2C-915D-7A4D2AC02155}
	EndGlobalSection
	GlobalSection(ExtensibilityGlobals) = postSolution
		SolutionGuid = {C76015ED-4DE5-3960-A9A2-B5823407B86F}
	EndGlobalSection
	GlobalSection(ExtensibilityAddIns) = postSolution
	EndGlobalSection
EndGlobal
