
Microsoft Visual Studio Solution File, Format Version 12.00
# Visual Studio Version 17
Project("{2150E333-8FDC-42A3-9474-1A3956D46DE8}") = "CMakePredefinedTargets", "CMakePredefinedTargets", "{6C5D535A-6956-3421-8FFB-AB0A3F6407C8}"
EndProject
Project("{2150E333-8FDC-42A3-9474-1A3956D46DE8}") = "External", "External", "{0C12CCAE-BA08-33D4-9156-0505D75B3FD1}"
EndProject
Project("{2150E333-8FDC-42A3-9474-1A3956D46DE8}") = "Internal", "Internal", "{FCA3105F-212C-3783-AB6B-686BC9CBF1E9}"
EndProject
Project("{8BC9CEB8-8B4A-11D0-8D11-00A0C91BC942}") = "ALL_BUILD", "ALL_BUILD.vcxproj", "{C8E26234-B05D-3EEC-9A6F-3B9446766233}"
	ProjectSection(ProjectDependencies) = postProject
		{E31DC935-4DCB-31F3-B3C2-CCCE2CA1658D} = {E31DC935-4DCB-31F3-B3C2-CCCE2CA1658D}
		{F0D08F39-D051-319D-9412-1CB0D4B95BCB} = {F0D08F39-D051-319D-9412-1CB0D4B95BCB}
		{098454F2-7AAD-3D33-930B-6DE396C2FF1A} = {098454F2-7AAD-3D33-930B-6DE396C2FF1A}
		{35FF686D-C643-381A-BA07-0E3547408999} = {35FF686D-C643-381A-BA07-0E3547408999}
		{218B1C69-1E17-3562-97E7-F0D31827FF3D} = {218B1C69-1E17-3562-97E7-F0D31827FF3D}
		{2D303E5D-7A02-3371-A4DB-7E671E3FC722} = {2D303E5D-7A02-3371-A4DB-7E671E3FC722}
		{5D6AC32C-779E-3F06-9632-0E3CFD2FAACC} = {5D6AC32C-779E-3F06-9632-0E3CFD2FAACC}
		{9720FB8D-CB0B-3832-9535-9B3242B00E8E} = {9720FB8D-CB0B-3832-9535-9B3242B00E8E}
		{43D9B43D-6AC0-3CC9-94CD-431648BECD85} = {43D9B43D-6AC0-3CC9-94CD-431648BECD85}
		{AAE6FFFF-60F7-3CF0-83D6-AF908532D82F} = {AAE6FFFF-60F7-3CF0-83D6-AF908532D82F}
		{8F1AB710-ACA4-3B04-9435-24A21A5BC94B} = {8F1AB710-ACA4-3B04-9435-24A21A5BC94B}
		{F187D58F-1262-31AD-BFCF-6110034DDB2C} = {F187D58F-1262-31AD-BFCF-6110034DDB2C}
		{AA23A7B1-64C9-38C0-B7EE-A04008DD92DA} = {AA23A7B1-64C9-38C0-B7EE-A04008DD92DA}
	EndProjectSection
EndProject
Project("{8BC9CEB8-8B4A-11D0-8D11-00A0C91BC942}") = "ZERO_CHECK", "..\..\..\\ZERO_CHECK.vcxproj", "{E31DC935-4DCB-31F3-B3C2-CCCE2CA1658D}"
	ProjectSection(ProjectDependencies) = postProject
	EndProjectSection
EndProject
Project("{8BC9CEB8-8B4A-11D0-8D11-00A0C91BC942}") = "cocos2d", "cocos2d.vcxproj", "{F0D08F39-D051-319D-9412-1CB0D4B95BCB}"
	ProjectSection(ProjectDependencies) = postProject
		{E31DC935-4DCB-31F3-B3C2-CCCE2CA1658D} = {E31DC935-4DCB-31F3-B3C2-CCCE2CA1658D}
		{098454F2-7AAD-3D33-930B-6DE396C2FF1A} = {098454F2-7AAD-3D33-930B-6DE396C2FF1A}
		{35FF686D-C643-381A-BA07-0E3547408999} = {35FF686D-C643-381A-BA07-0E3547408999}
		{218B1C69-1E17-3562-97E7-F0D31827FF3D} = {218B1C69-1E17-3562-97E7-F0D31827FF3D}
		{2D303E5D-7A02-3371-A4DB-7E671E3FC722} = {2D303E5D-7A02-3371-A4DB-7E671E3FC722}
		{5D6AC32C-779E-3F06-9632-0E3CFD2FAACC} = {5D6AC32C-779E-3F06-9632-0E3CFD2FAACC}
		{9720FB8D-CB0B-3832-9535-9B3242B00E8E} = {9720FB8D-CB0B-3832-9535-9B3242B00E8E}
		{43D9B43D-6AC0-3CC9-94CD-431648BECD85} = {43D9B43D-6AC0-3CC9-94CD-431648BECD85}
		{AAE6FFFF-60F7-3CF0-83D6-AF908532D82F} = {AAE6FFFF-60F7-3CF0-83D6-AF908532D82F}
		{8F1AB710-ACA4-3B04-9435-24A21A5BC94B} = {8F1AB710-ACA4-3B04-9435-24A21A5BC94B}
		{F187D58F-1262-31AD-BFCF-6110034DDB2C} = {F187D58F-1262-31AD-BFCF-6110034DDB2C}
		{AA23A7B1-64C9-38C0-B7EE-A04008DD92DA} = {AA23A7B1-64C9-38C0-B7EE-A04008DD92DA}
	EndProjectSection
EndProject
Project("{8BC9CEB8-8B4A-11D0-8D11-00A0C91BC942}") = "ext_clipper", "..\..\external\clipper\ext_clipper.vcxproj", "{098454F2-7AAD-3D33-930B-6DE396C2FF1A}"
	ProjectSection(ProjectDependencies) = postProject
		{E31DC935-4DCB-31F3-B3C2-CCCE2CA1658D} = {E31DC935-4DCB-31F3-B3C2-CCCE2CA1658D}
	EndProjectSection
EndProject
Project("{8BC9CEB8-8B4A-11D0-8D11-00A0C91BC942}") = "ext_convertUTF", "..\..\external\ConvertUTF\ext_convertUTF.vcxproj", "{35FF686D-C643-381A-BA07-0E3547408999}"
	ProjectSection(ProjectDependencies) = postProject
		{E31DC935-4DCB-31F3-B3C2-CCCE2CA1658D} = {E31DC935-4DCB-31F3-B3C2-CCCE2CA1658D}
	EndProjectSection
EndProject
Project("{8BC9CEB8-8B4A-11D0-8D11-00A0C91BC942}") = "ext_edtaa3func", "..\..\external\edtaa3func\ext_edtaa3func.vcxproj", "{218B1C69-1E17-3562-97E7-F0D31827FF3D}"
	ProjectSection(ProjectDependencies) = postProject
		{E31DC935-4DCB-31F3-B3C2-CCCE2CA1658D} = {E31DC935-4DCB-31F3-B3C2-CCCE2CA1658D}
	EndProjectSection
EndProject
Project("{8BC9CEB8-8B4A-11D0-8D11-00A0C91BC942}") = "ext_md5", "..\..\external\md5\ext_md5.vcxproj", "{2D303E5D-7A02-3371-A4DB-7E671E3FC722}"
	ProjectSection(ProjectDependencies) = postProject
		{E31DC935-4DCB-31F3-B3C2-CCCE2CA1658D} = {E31DC935-4DCB-31F3-B3C2-CCCE2CA1658D}
	EndProjectSection
EndProject
Project("{8BC9CEB8-8B4A-11D0-8D11-00A0C91BC942}") = "ext_poly2tri", "..\..\external\poly2tri\ext_poly2tri.vcxproj", "{5D6AC32C-779E-3F06-9632-0E3CFD2FAACC}"
	ProjectSection(ProjectDependencies) = postProject
		{E31DC935-4DCB-31F3-B3C2-CCCE2CA1658D} = {E31DC935-4DCB-31F3-B3C2-CCCE2CA1658D}
	EndProjectSection
EndProject
Project("{8BC9CEB8-8B4A-11D0-8D11-00A0C91BC942}") = "ext_recast", "..\..\external\recast\ext_recast.vcxproj", "{9720FB8D-CB0B-3832-9535-9B3242B00E8E}"
	ProjectSection(ProjectDependencies) = postProject
		{E31DC935-4DCB-31F3-B3C2-CCCE2CA1658D} = {E31DC935-4DCB-31F3-B3C2-CCCE2CA1658D}
	EndProjectSection
EndProject
Project("{8BC9CEB8-8B4A-11D0-8D11-00A0C91BC942}") = "ext_tinyxml2", "..\..\external\tinyxml2\ext_tinyxml2.vcxproj", "{43D9B43D-6AC0-3CC9-94CD-431648BECD85}"
	ProjectSection(ProjectDependencies) = postProject
		{E31DC935-4DCB-31F3-B3C2-CCCE2CA1658D} = {E31DC935-4DCB-31F3-B3C2-CCCE2CA1658D}
	EndProjectSection
EndProject
Project("{8BC9CEB8-8B4A-11D0-8D11-00A0C91BC942}") = "ext_unzip", "..\..\external\unzip\ext_unzip.vcxproj", "{AAE6FFFF-60F7-3CF0-83D6-AF908532D82F}"
	ProjectSection(ProjectDependencies) = postProject
		{E31DC935-4DCB-31F3-B3C2-CCCE2CA1658D} = {E31DC935-4DCB-31F3-B3C2-CCCE2CA1658D}
	EndProjectSection
EndProject
Project("{8BC9CEB8-8B4A-11D0-8D11-00A0C91BC942}") = "ext_xxhash", "..\..\external\xxhash\ext_xxhash.vcxproj", "{8F1AB710-ACA4-3B04-9435-24A21A5BC94B}"
	ProjectSection(ProjectDependencies) = postProject
		{E31DC935-4DCB-31F3-B3C2-CCCE2CA1658D} = {E31DC935-4DCB-31F3-B3C2-CCCE2CA1658D}
	EndProjectSection
EndProject
Project("{8BC9CEB8-8B4A-11D0-8D11-00A0C91BC942}") = "ext_xxtea", "..\..\external\xxtea\ext_xxtea.vcxproj", "{F187D58F-1262-31AD-BFCF-6110034DDB2C}"
	ProjectSection(ProjectDependencies) = postProject
		{E31DC935-4DCB-31F3-B3C2-CCCE2CA1658D} = {E31DC935-4DCB-31F3-B3C2-CCCE2CA1658D}
	EndProjectSection
EndProject
Project("{8BC9CEB8-8B4A-11D0-8D11-00A0C91BC942}") = "external", "..\..\external\external.vcxproj", "{AA23A7B1-64C9-38C0-B7EE-A04008DD92DA}"
	ProjectSection(ProjectDependencies) = postProject
		{E31DC935-4DCB-31F3-B3C2-CCCE2CA1658D} = {E31DC935-4DCB-31F3-B3C2-CCCE2CA1658D}
		{098454F2-7AAD-3D33-930B-6DE396C2FF1A} = {098454F2-7AAD-3D33-930B-6DE396C2FF1A}
		{35FF686D-C643-381A-BA07-0E3547408999} = {35FF686D-C643-381A-BA07-0E3547408999}
		{218B1C69-1E17-3562-97E7-F0D31827FF3D} = {218B1C69-1E17-3562-97E7-F0D31827FF3D}
		{2D303E5D-7A02-3371-A4DB-7E671E3FC722} = {2D303E5D-7A02-3371-A4DB-7E671E3FC722}
		{5D6AC32C-779E-3F06-9632-0E3CFD2FAACC} = {5D6AC32C-779E-3F06-9632-0E3CFD2FAACC}
		{9720FB8D-CB0B-3832-9535-9B3242B00E8E} = {9720FB8D-CB0B-3832-9535-9B3242B00E8E}
		{43D9B43D-6AC0-3CC9-94CD-431648BECD85} = {43D9B43D-6AC0-3CC9-94CD-431648BECD85}
		{AAE6FFFF-60F7-3CF0-83D6-AF908532D82F} = {AAE6FFFF-60F7-3CF0-83D6-AF908532D82F}
		{8F1AB710-ACA4-3B04-9435-24A21A5BC94B} = {8F1AB710-ACA4-3B04-9435-24A21A5BC94B}
		{F187D58F-1262-31AD-BFCF-6110034DDB2C} = {F187D58F-1262-31AD-BFCF-6110034DDB2C}
	EndProjectSection
EndProject
Global
	GlobalSection(SolutionConfigurationPlatforms) = preSolution
		Debug|Win32 = Debug|Win32
		Release|Win32 = Release|Win32
		MinSizeRel|Win32 = MinSizeRel|Win32
		RelWithDebInfo|Win32 = RelWithDebInfo|Win32
	EndGlobalSection
	GlobalSection(ProjectConfigurationPlatforms) = postSolution
		{C8E26234-B05D-3EEC-9A6F-3B9446766233}.Debug|Win32.ActiveCfg = Debug|Win32
		{C8E26234-B05D-3EEC-9A6F-3B9446766233}.Release|Win32.ActiveCfg = Release|Win32
		{C8E26234-B05D-3EEC-9A6F-3B9446766233}.MinSizeRel|Win32.ActiveCfg = MinSizeRel|Win32
		{C8E26234-B05D-3EEC-9A6F-3B9446766233}.RelWithDebInfo|Win32.ActiveCfg = RelWithDebInfo|Win32
		{E31DC935-4DCB-31F3-B3C2-CCCE2CA1658D}.Debug|Win32.ActiveCfg = Debug|Win32
		{E31DC935-4DCB-31F3-B3C2-CCCE2CA1658D}.Debug|Win32.Build.0 = Debug|Win32
		{E31DC935-4DCB-31F3-B3C2-CCCE2CA1658D}.Release|Win32.ActiveCfg = Release|Win32
		{E31DC935-4DCB-31F3-B3C2-CCCE2CA1658D}.Release|Win32.Build.0 = Release|Win32
		{E31DC935-4DCB-31F3-B3C2-CCCE2CA1658D}.MinSizeRel|Win32.ActiveCfg = MinSizeRel|Win32
		{E31DC935-4DCB-31F3-B3C2-CCCE2CA1658D}.MinSizeRel|Win32.Build.0 = MinSizeRel|Win32
		{E31DC935-4DCB-31F3-B3C2-CCCE2CA1658D}.RelWithDebInfo|Win32.ActiveCfg = RelWithDebInfo|Win32
		{E31DC935-4DCB-31F3-B3C2-CCCE2CA1658D}.RelWithDebInfo|Win32.Build.0 = RelWithDebInfo|Win32
		{F0D08F39-D051-319D-9412-1CB0D4B95BCB}.Debug|Win32.ActiveCfg = Debug|Win32
		{F0D08F39-D051-319D-9412-1CB0D4B95BCB}.Debug|Win32.Build.0 = Debug|Win32
		{F0D08F39-D051-319D-9412-1CB0D4B95BCB}.Release|Win32.ActiveCfg = Release|Win32
		{F0D08F39-D051-319D-9412-1CB0D4B95BCB}.Release|Win32.Build.0 = Release|Win32
		{F0D08F39-D051-319D-9412-1CB0D4B95BCB}.MinSizeRel|Win32.ActiveCfg = MinSizeRel|Win32
		{F0D08F39-D051-319D-9412-1CB0D4B95BCB}.MinSizeRel|Win32.Build.0 = MinSizeRel|Win32
		{F0D08F39-D051-319D-9412-1CB0D4B95BCB}.RelWithDebInfo|Win32.ActiveCfg = RelWithDebInfo|Win32
		{F0D08F39-D051-319D-9412-1CB0D4B95BCB}.RelWithDebInfo|Win32.Build.0 = RelWithDebInfo|Win32
		{098454F2-7AAD-3D33-930B-6DE396C2FF1A}.Debug|Win32.ActiveCfg = Debug|Win32
		{098454F2-7AAD-3D33-930B-6DE396C2FF1A}.Debug|Win32.Build.0 = Debug|Win32
		{098454F2-7AAD-3D33-930B-6DE396C2FF1A}.Release|Win32.ActiveCfg = Release|Win32
		{098454F2-7AAD-3D33-930B-6DE396C2FF1A}.Release|Win32.Build.0 = Release|Win32
		{098454F2-7AAD-3D33-930B-6DE396C2FF1A}.MinSizeRel|Win32.ActiveCfg = MinSizeRel|Win32
		{098454F2-7AAD-3D33-930B-6DE396C2FF1A}.MinSizeRel|Win32.Build.0 = MinSizeRel|Win32
		{098454F2-7AAD-3D33-930B-6DE396C2FF1A}.RelWithDebInfo|Win32.ActiveCfg = RelWithDebInfo|Win32
		{098454F2-7AAD-3D33-930B-6DE396C2FF1A}.RelWithDebInfo|Win32.Build.0 = RelWithDebInfo|Win32
		{35FF686D-C643-381A-BA07-0E3547408999}.Debug|Win32.ActiveCfg = Debug|Win32
		{35FF686D-C643-381A-BA07-0E3547408999}.Debug|Win32.Build.0 = Debug|Win32
		{35FF686D-C643-381A-BA07-0E3547408999}.Release|Win32.ActiveCfg = Release|Win32
		{35FF686D-C643-381A-BA07-0E3547408999}.Release|Win32.Build.0 = Release|Win32
		{35FF686D-C643-381A-BA07-0E3547408999}.MinSizeRel|Win32.ActiveCfg = MinSizeRel|Win32
		{35FF686D-C643-381A-BA07-0E3547408999}.MinSizeRel|Win32.Build.0 = MinSizeRel|Win32
		{35FF686D-C643-381A-BA07-0E3547408999}.RelWithDebInfo|Win32.ActiveCfg = RelWithDebInfo|Win32
		{35FF686D-C643-381A-BA07-0E3547408999}.RelWithDebInfo|Win32.Build.0 = RelWithDebInfo|Win32
		{218B1C69-1E17-3562-97E7-F0D31827FF3D}.Debug|Win32.ActiveCfg = Debug|Win32
		{218B1C69-1E17-3562-97E7-F0D31827FF3D}.Debug|Win32.Build.0 = Debug|Win32
		{218B1C69-1E17-3562-97E7-F0D31827FF3D}.Release|Win32.ActiveCfg = Release|Win32
		{218B1C69-1E17-3562-97E7-F0D31827FF3D}.Release|Win32.Build.0 = Release|Win32
		{218B1C69-1E17-3562-97E7-F0D31827FF3D}.MinSizeRel|Win32.ActiveCfg = MinSizeRel|Win32
		{218B1C69-1E17-3562-97E7-F0D31827FF3D}.MinSizeRel|Win32.Build.0 = MinSizeRel|Win32
		{218B1C69-1E17-3562-97E7-F0D31827FF3D}.RelWithDebInfo|Win32.ActiveCfg = RelWithDebInfo|Win32
		{218B1C69-1E17-3562-97E7-F0D31827FF3D}.RelWithDebInfo|Win32.Build.0 = RelWithDebInfo|Win32
		{2D303E5D-7A02-3371-A4DB-7E671E3FC722}.Debug|Win32.ActiveCfg = Debug|Win32
		{2D303E5D-7A02-3371-A4DB-7E671E3FC722}.Debug|Win32.Build.0 = Debug|Win32
		{2D303E5D-7A02-3371-A4DB-7E671E3FC722}.Release|Win32.ActiveCfg = Release|Win32
		{2D303E5D-7A02-3371-A4DB-7E671E3FC722}.Release|Win32.Build.0 = Release|Win32
		{2D303E5D-7A02-3371-A4DB-7E671E3FC722}.MinSizeRel|Win32.ActiveCfg = MinSizeRel|Win32
		{2D303E5D-7A02-3371-A4DB-7E671E3FC722}.MinSizeRel|Win32.Build.0 = MinSizeRel|Win32
		{2D303E5D-7A02-3371-A4DB-7E671E3FC722}.RelWithDebInfo|Win32.ActiveCfg = RelWithDebInfo|Win32
		{2D303E5D-7A02-3371-A4DB-7E671E3FC722}.RelWithDebInfo|Win32.Build.0 = RelWithDebInfo|Win32
		{5D6AC32C-779E-3F06-9632-0E3CFD2FAACC}.Debug|Win32.ActiveCfg = Debug|Win32
		{5D6AC32C-779E-3F06-9632-0E3CFD2FAACC}.Debug|Win32.Build.0 = Debug|Win32
		{5D6AC32C-779E-3F06-9632-0E3CFD2FAACC}.Release|Win32.ActiveCfg = Release|Win32
		{5D6AC32C-779E-3F06-9632-0E3CFD2FAACC}.Release|Win32.Build.0 = Release|Win32
		{5D6AC32C-779E-3F06-9632-0E3CFD2FAACC}.MinSizeRel|Win32.ActiveCfg = MinSizeRel|Win32
		{5D6AC32C-779E-3F06-9632-0E3CFD2FAACC}.MinSizeRel|Win32.Build.0 = MinSizeRel|Win32
		{5D6AC32C-779E-3F06-9632-0E3CFD2FAACC}.RelWithDebInfo|Win32.ActiveCfg = RelWithDebInfo|Win32
		{5D6AC32C-779E-3F06-9632-0E3CFD2FAACC}.RelWithDebInfo|Win32.Build.0 = RelWithDebInfo|Win32
		{9720FB8D-CB0B-3832-9535-9B3242B00E8E}.Debug|Win32.ActiveCfg = Debug|Win32
		{9720FB8D-CB0B-3832-9535-9B3242B00E8E}.Debug|Win32.Build.0 = Debug|Win32
		{9720FB8D-CB0B-3832-9535-9B3242B00E8E}.Release|Win32.ActiveCfg = Release|Win32
		{9720FB8D-CB0B-3832-9535-9B3242B00E8E}.Release|Win32.Build.0 = Release|Win32
		{9720FB8D-CB0B-3832-9535-9B3242B00E8E}.MinSizeRel|Win32.ActiveCfg = MinSizeRel|Win32
		{9720FB8D-CB0B-3832-9535-9B3242B00E8E}.MinSizeRel|Win32.Build.0 = MinSizeRel|Win32
		{9720FB8D-CB0B-3832-9535-9B3242B00E8E}.RelWithDebInfo|Win32.ActiveCfg = RelWithDebInfo|Win32
		{9720FB8D-CB0B-3832-9535-9B3242B00E8E}.RelWithDebInfo|Win32.Build.0 = RelWithDebInfo|Win32
		{43D9B43D-6AC0-3CC9-94CD-431648BECD85}.Debug|Win32.ActiveCfg = Debug|Win32
		{43D9B43D-6AC0-3CC9-94CD-431648BECD85}.Debug|Win32.Build.0 = Debug|Win32
		{43D9B43D-6AC0-3CC9-94CD-431648BECD85}.Release|Win32.ActiveCfg = Release|Win32
		{43D9B43D-6AC0-3CC9-94CD-431648BECD85}.Release|Win32.Build.0 = Release|Win32
		{43D9B43D-6AC0-3CC9-94CD-431648BECD85}.MinSizeRel|Win32.ActiveCfg = MinSizeRel|Win32
		{43D9B43D-6AC0-3CC9-94CD-431648BECD85}.MinSizeRel|Win32.Build.0 = MinSizeRel|Win32
		{43D9B43D-6AC0-3CC9-94CD-431648BECD85}.RelWithDebInfo|Win32.ActiveCfg = RelWithDebInfo|Win32
		{43D9B43D-6AC0-3CC9-94CD-431648BECD85}.RelWithDebInfo|Win32.Build.0 = RelWithDebInfo|Win32
		{AAE6FFFF-60F7-3CF0-83D6-AF908532D82F}.Debug|Win32.ActiveCfg = Debug|Win32
		{AAE6FFFF-60F7-3CF0-83D6-AF908532D82F}.Debug|Win32.Build.0 = Debug|Win32
		{AAE6FFFF-60F7-3CF0-83D6-AF908532D82F}.Release|Win32.ActiveCfg = Release|Win32
		{AAE6FFFF-60F7-3CF0-83D6-AF908532D82F}.Release|Win32.Build.0 = Release|Win32
		{AAE6FFFF-60F7-3CF0-83D6-AF908532D82F}.MinSizeRel|Win32.ActiveCfg = MinSizeRel|Win32
		{AAE6FFFF-60F7-3CF0-83D6-AF908532D82F}.MinSizeRel|Win32.Build.0 = MinSizeRel|Win32
		{AAE6FFFF-60F7-3CF0-83D6-AF908532D82F}.RelWithDebInfo|Win32.ActiveCfg = RelWithDebInfo|Win32
		{AAE6FFFF-60F7-3CF0-83D6-AF908532D82F}.RelWithDebInfo|Win32.Build.0 = RelWithDebInfo|Win32
		{8F1AB710-ACA4-3B04-9435-24A21A5BC94B}.Debug|Win32.ActiveCfg = Debug|Win32
		{8F1AB710-ACA4-3B04-9435-24A21A5BC94B}.Debug|Win32.Build.0 = Debug|Win32
		{8F1AB710-ACA4-3B04-9435-24A21A5BC94B}.Release|Win32.ActiveCfg = Release|Win32
		{8F1AB710-ACA4-3B04-9435-24A21A5BC94B}.Release|Win32.Build.0 = Release|Win32
		{8F1AB710-ACA4-3B04-9435-24A21A5BC94B}.MinSizeRel|Win32.ActiveCfg = MinSizeRel|Win32
		{8F1AB710-ACA4-3B04-9435-24A21A5BC94B}.MinSizeRel|Win32.Build.0 = MinSizeRel|Win32
		{8F1AB710-ACA4-3B04-9435-24A21A5BC94B}.RelWithDebInfo|Win32.ActiveCfg = RelWithDebInfo|Win32
		{8F1AB710-ACA4-3B04-9435-24A21A5BC94B}.RelWithDebInfo|Win32.Build.0 = RelWithDebInfo|Win32
		{F187D58F-1262-31AD-BFCF-6110034DDB2C}.Debug|Win32.ActiveCfg = Debug|Win32
		{F187D58F-1262-31AD-BFCF-6110034DDB2C}.Debug|Win32.Build.0 = Debug|Win32
		{F187D58F-1262-31AD-BFCF-6110034DDB2C}.Release|Win32.ActiveCfg = Release|Win32
		{F187D58F-1262-31AD-BFCF-6110034DDB2C}.Release|Win32.Build.0 = Release|Win32
		{F187D58F-1262-31AD-BFCF-6110034DDB2C}.MinSizeRel|Win32.ActiveCfg = MinSizeRel|Win32
		{F187D58F-1262-31AD-BFCF-6110034DDB2C}.MinSizeRel|Win32.Build.0 = MinSizeRel|Win32
		{F187D58F-1262-31AD-BFCF-6110034DDB2C}.RelWithDebInfo|Win32.ActiveCfg = RelWithDebInfo|Win32
		{F187D58F-1262-31AD-BFCF-6110034DDB2C}.RelWithDebInfo|Win32.Build.0 = RelWithDebInfo|Win32
		{AA23A7B1-64C9-38C0-B7EE-A04008DD92DA}.Debug|Win32.ActiveCfg = Debug|Win32
		{AA23A7B1-64C9-38C0-B7EE-A04008DD92DA}.Debug|Win32.Build.0 = Debug|Win32
		{AA23A7B1-64C9-38C0-B7EE-A04008DD92DA}.Release|Win32.ActiveCfg = Release|Win32
		{AA23A7B1-64C9-38C0-B7EE-A04008DD92DA}.Release|Win32.Build.0 = Release|Win32
		{AA23A7B1-64C9-38C0-B7EE-A04008DD92DA}.MinSizeRel|Win32.ActiveCfg = MinSizeRel|Win32
		{AA23A7B1-64C9-38C0-B7EE-A04008DD92DA}.MinSizeRel|Win32.Build.0 = MinSizeRel|Win32
		{AA23A7B1-64C9-38C0-B7EE-A04008DD92DA}.RelWithDebInfo|Win32.ActiveCfg = RelWithDebInfo|Win32
		{AA23A7B1-64C9-38C0-B7EE-A04008DD92DA}.RelWithDebInfo|Win32.Build.0 = RelWithDebInfo|Win32
	EndGlobalSection
	GlobalSection(NestedProjects) = preSolution
		{C8E26234-B05D-3EEC-9A6F-3B9446766233} = {6C5D535A-6956-3421-8FFB-AB0A3F6407C8}
		{E31DC935-4DCB-31F3-B3C2-CCCE2CA1658D} = {6C5D535A-6956-3421-8FFB-AB0A3F6407C8}
		{098454F2-7AAD-3D33-930B-6DE396C2FF1A} = {0C12CCAE-BA08-33D4-9156-0505D75B3FD1}
		{35FF686D-C643-381A-BA07-0E3547408999} = {0C12CCAE-BA08-33D4-9156-0505D75B3FD1}
		{218B1C69-1E17-3562-97E7-F0D31827FF3D} = {0C12CCAE-BA08-33D4-9156-0505D75B3FD1}
		{2D303E5D-7A02-3371-A4DB-7E671E3FC722} = {0C12CCAE-BA08-33D4-9156-0505D75B3FD1}
		{5D6AC32C-779E-3F06-9632-0E3CFD2FAACC} = {0C12CCAE-BA08-33D4-9156-0505D75B3FD1}
		{9720FB8D-CB0B-3832-9535-9B3242B00E8E} = {0C12CCAE-BA08-33D4-9156-0505D75B3FD1}
		{43D9B43D-6AC0-3CC9-94CD-431648BECD85} = {0C12CCAE-BA08-33D4-9156-0505D75B3FD1}
		{AAE6FFFF-60F7-3CF0-83D6-AF908532D82F} = {0C12CCAE-BA08-33D4-9156-0505D75B3FD1}
		{8F1AB710-ACA4-3B04-9435-24A21A5BC94B} = {0C12CCAE-BA08-33D4-9156-0505D75B3FD1}
		{F187D58F-1262-31AD-BFCF-6110034DDB2C} = {0C12CCAE-BA08-33D4-9156-0505D75B3FD1}
		{AA23A7B1-64C9-38C0-B7EE-A04008DD92DA} = {0C12CCAE-BA08-33D4-9156-0505D75B3FD1}
		{F0D08F39-D051-319D-9412-1CB0D4B95BCB} = {FCA3105F-212C-3783-AB6B-686BC9CBF1E9}
	EndGlobalSection
	GlobalSection(ExtensibilityGlobals) = postSolution
		SolutionGuid = {93458170-45BB-36EC-8886-04DC5B79A9A6}
	EndGlobalSection
	GlobalSection(ExtensibilityAddIns) = postSolution
	EndGlobalSection
EndGlobal
